// !$*UTF8*$!
{
	archiveVersion = 1;
	classes = {
	};
	objectVersion = 51;
	objects = {

/* Begin PBXBuildFile section */
		1F11FF2C22FA73A600148BA3 /* RegionDetailViewController.swift in Sources */ = {isa = PBXBuildFile; fileRef = 1F11FF2B22FA73A600148BA3 /* RegionDetailViewController.swift */; };
		1F11FF5423013DDE00148BA3 /* HomeCategoryViewController.swift in Sources */ = {isa = PBXBuildFile; fileRef = 1F11FF5323013DDE00148BA3 /* HomeCategoryViewController.swift */; };
		1F11FFAE2301ACF600148BA3 /* FilterViewController.swift in Sources */ = {isa = PBXBuildFile; fileRef = 1F11FFAD2301ACF600148BA3 /* FilterViewController.swift */; };
		1F11FFB72301B3AF00148BA3 /* FilterSortCell.swift in Sources */ = {isa = PBXBuildFile; fileRef = 1F11FFB62301B3AF00148BA3 /* FilterSortCell.swift */; };
		1F11FFB92301B3D900148BA3 /* FilterThemeCell.swift in Sources */ = {isa = PBXBuildFile; fileRef = 1F11FFB82301B3D900148BA3 /* FilterThemeCell.swift */; };
		1F11FFBB2301B40D00148BA3 /* FilterCharacteristicCell.swift in Sources */ = {isa = PBXBuildFile; fileRef = 1F11FFBA2301B40D00148BA3 /* FilterCharacteristicCell.swift */; };
		1F11FFBD2301B42A00148BA3 /* FilterPriceCell.swift in Sources */ = {isa = PBXBuildFile; fileRef = 1F11FFBC2301B42A00148BA3 /* FilterPriceCell.swift */; };
		1F11FFC02302388900148BA3 /* FilterThemeCollectionViewCell.swift in Sources */ = {isa = PBXBuildFile; fileRef = 1F11FFBF2302388900148BA3 /* FilterThemeCollectionViewCell.swift */; };
		1F37D05422F02F71006D397A /* NetworkRegister.swift in Sources */ = {isa = PBXBuildFile; fileRef = 1F37D05322F02F71006D397A /* NetworkRegister.swift */; };
		1F37D05822F054B8006D397A /* ReservationViewController.swift in Sources */ = {isa = PBXBuildFile; fileRef = 1F37D05722F054B8006D397A /* ReservationViewController.swift */; };
		1F37D05A22F05AE7006D397A /* ReservationCollectionFirstViewCell.swift in Sources */ = {isa = PBXBuildFile; fileRef = 1F37D05922F05AE7006D397A /* ReservationCollectionFirstViewCell.swift */; };
		1F37D05E22F06789006D397A /* ReservationCollectionSecondViewCell.swift in Sources */ = {isa = PBXBuildFile; fileRef = 1F37D05D22F06789006D397A /* ReservationCollectionSecondViewCell.swift */; };
		1F37D06022F0679A006D397A /* ReservationCollectionThirdViewCell.swift in Sources */ = {isa = PBXBuildFile; fileRef = 1F37D05F22F0679A006D397A /* ReservationCollectionThirdViewCell.swift */; };
		1F37D06222F067A6006D397A /* ReservationCollectionForthViewCell.swift in Sources */ = {isa = PBXBuildFile; fileRef = 1F37D06122F067A6006D397A /* ReservationCollectionForthViewCell.swift */; };
		1F37D07E22F7E9AF006D397A /* NetworkSerchList.swift in Sources */ = {isa = PBXBuildFile; fileRef = 1F37D07D22F7E9AF006D397A /* NetworkSerchList.swift */; };
		1F37D08022F7EF2B006D397A /* ImageView.swift in Sources */ = {isa = PBXBuildFile; fileRef = 1F37D07F22F7EF2B006D397A /* ImageView.swift */; };
		1F37D08222F83ABF006D397A /* SearchDetailViewController.swift in Sources */ = {isa = PBXBuildFile; fileRef = 1F37D08122F83ABF006D397A /* SearchDetailViewController.swift */; };
		1F37D08722F9325B006D397A /* SearchDetailDefaultTableViewCell.swift in Sources */ = {isa = PBXBuildFile; fileRef = 1F37D08622F9325B006D397A /* SearchDetailDefaultTableViewCell.swift */; };
		1FB5A8B422DC5A9E009057F4 /* RecentlyCell.swift in Sources */ = {isa = PBXBuildFile; fileRef = 1FB5A8B322DC5A9D009057F4 /* RecentlyCell.swift */; };
		1FB5A8B622DC5AA5009057F4 /* RecentlyCell.xib in Resources */ = {isa = PBXBuildFile; fileRef = 1FB5A8B522DC5AA5009057F4 /* RecentlyCell.xib */; };
		1FB5A8BC22DC5ABA009057F4 /* RecommendView.swift in Sources */ = {isa = PBXBuildFile; fileRef = 1FB5A8BB22DC5ABA009057F4 /* RecommendView.swift */; };
		1FB5C84422DDCF7C00044D94 /* FSCalendarCollectionView.m in Sources */ = {isa = PBXBuildFile; fileRef = 1FB5C82422DDCF7C00044D94 /* FSCalendarCollectionView.m */; };
		1FB5C84522DDCF7C00044D94 /* FSCalendarDelegationProxy.m in Sources */ = {isa = PBXBuildFile; fileRef = 1FB5C82722DDCF7C00044D94 /* FSCalendarDelegationProxy.m */; };
		1FB5C84622DDCF7C00044D94 /* FSCalendarDelegationFactory.m in Sources */ = {isa = PBXBuildFile; fileRef = 1FB5C82922DDCF7C00044D94 /* FSCalendarDelegationFactory.m */; };
		1FB5C84722DDCF7C00044D94 /* FSCalendarCell.m in Sources */ = {isa = PBXBuildFile; fileRef = 1FB5C83022DDCF7C00044D94 /* FSCalendarCell.m */; };
		1FB5C84822DDCF7C00044D94 /* FSCalendarStickyHeader.m in Sources */ = {isa = PBXBuildFile; fileRef = 1FB5C83122DDCF7C00044D94 /* FSCalendarStickyHeader.m */; };
		1FB5C84922DDCF7C00044D94 /* FSCalendar.m in Sources */ = {isa = PBXBuildFile; fileRef = 1FB5C83222DDCF7C00044D94 /* FSCalendar.m */; };
		1FB5C84A22DDCF7C00044D94 /* FSCalendarCollectionViewLayout.m in Sources */ = {isa = PBXBuildFile; fileRef = 1FB5C83322DDCF7C00044D94 /* FSCalendarCollectionViewLayout.m */; };
		1FB5C84B22DDCF7C00044D94 /* FSCalendarWeekdayView.m in Sources */ = {isa = PBXBuildFile; fileRef = 1FB5C83422DDCF7C00044D94 /* FSCalendarWeekdayView.m */; };
		1FB5C84C22DDCF7C00044D94 /* FSCalendarSeparatorDecorationView.m in Sources */ = {isa = PBXBuildFile; fileRef = 1FB5C83722DDCF7C00044D94 /* FSCalendarSeparatorDecorationView.m */; };
		1FB5C84D22DDCF7C00044D94 /* FSCalendarExtensions.m in Sources */ = {isa = PBXBuildFile; fileRef = 1FB5C83922DDCF7C00044D94 /* FSCalendarExtensions.m */; };
		1FB5C84E22DDCF7C00044D94 /* FSCalendarConstants.m in Sources */ = {isa = PBXBuildFile; fileRef = 1FB5C83B22DDCF7C00044D94 /* FSCalendarConstants.m */; };
		1FB5C84F22DDCF7C00044D94 /* FSCalendarCalculator.m in Sources */ = {isa = PBXBuildFile; fileRef = 1FB5C83C22DDCF7C00044D94 /* FSCalendarCalculator.m */; };
		1FB5C85022DDCF7C00044D94 /* FSCalendarHeaderView.m in Sources */ = {isa = PBXBuildFile; fileRef = 1FB5C83D22DDCF7C00044D94 /* FSCalendarHeaderView.m */; };
		1FB5C85122DDCF7C00044D94 /* FSCalendarTransitionCoordinator.m in Sources */ = {isa = PBXBuildFile; fileRef = 1FB5C84122DDCF7C00044D94 /* FSCalendarTransitionCoordinator.m */; };
		1FB5C85322DDCF7C00044D94 /* FSCalendarAppearance.m in Sources */ = {isa = PBXBuildFile; fileRef = 1FB5C84322DDCF7C00044D94 /* FSCalendarAppearance.m */; };
		1FB5C85622DDD0C300044D94 /* CalendarViewController.swift in Sources */ = {isa = PBXBuildFile; fileRef = 1FB5C85522DDD0C300044D94 /* CalendarViewController.swift */; };
		1FB5C89D22E0E29100044D94 /* RecentlyCustomCell.swift in Sources */ = {isa = PBXBuildFile; fileRef = 1FB5C89C22E0E29100044D94 /* RecentlyCustomCell.swift */; };
		1FB5C89F22E0EA4B00044D94 /* DefaultCell.swift in Sources */ = {isa = PBXBuildFile; fileRef = 1FB5C89E22E0EA4B00044D94 /* DefaultCell.swift */; };
		1FB5C8A122E19A1500044D94 /* regionData.swift in Sources */ = {isa = PBXBuildFile; fileRef = 1FB5C8A022E19A1500044D94 /* regionData.swift */; };
		1FD3A45722E58D7E00417F1C /* fakeSingleTon.swift in Sources */ = {isa = PBXBuildFile; fileRef = 1FD3A45622E58D7E00417F1C /* fakeSingleTon.swift */; };
		1FD3A45922E8865600417F1C /* NumberOfPeopleViewController.swift in Sources */ = {isa = PBXBuildFile; fileRef = 1FD3A45822E8865600417F1C /* NumberOfPeopleViewController.swift */; };
		1FD3A47A22EB19CD00417F1C /* NumberOfPeopleCollectionViewCell.swift in Sources */ = {isa = PBXBuildFile; fileRef = 1FD3A47922EB19CD00417F1C /* NumberOfPeopleCollectionViewCell.swift */; };
		50CBE63C1FF3C748318D450E /* Pods_Yanolja.framework in Frameworks */ = {isa = PBXBuildFile; fileRef = B7C57B8E575F631C018B5C4A /* Pods_Yanolja.framework */; };
		6104239222DAE4750087E719 /* SearchViewController.swift in Sources */ = {isa = PBXBuildFile; fileRef = 6104239122DAE4750087E719 /* SearchViewController.swift */; };
		6104239722DAE4EF0087E719 /* searchStruct.swift in Sources */ = {isa = PBXBuildFile; fileRef = 6104239622DAE4EF0087E719 /* searchStruct.swift */; };
		6104239922DAE5350087E719 /* KeyWordViewController.swift in Sources */ = {isa = PBXBuildFile; fileRef = 6104239822DAE5350087E719 /* KeyWordViewController.swift */; };
		6104239B22DC65FB0087E719 /* MotelTableViewCell.swift in Sources */ = {isa = PBXBuildFile; fileRef = 6104239A22DC65FB0087E719 /* MotelTableViewCell.swift */; };
		6104239D22DC78CC0087E719 /* HotelTableViewCell.swift in Sources */ = {isa = PBXBuildFile; fileRef = 6104239C22DC78CC0087E719 /* HotelTableViewCell.swift */; };
		610423CB22DE44EB0087E719 /* CustomCollectionViewCell.swift in Sources */ = {isa = PBXBuildFile; fileRef = 610423CA22DE44EB0087E719 /* CustomCollectionViewCell.swift */; };
		610423D022DE4A210087E719 /* ListCollectionView.swift in Sources */ = {isa = PBXBuildFile; fileRef = 610423CF22DE4A210087E719 /* ListCollectionView.swift */; };
		610423D222DE4AA20087E719 /* CustomMenuBar.swift in Sources */ = {isa = PBXBuildFile; fileRef = 610423D122DE4AA20087E719 /* CustomMenuBar.swift */; };
		610423D622DE4C100087E719 /* reusableIdentifier.swift in Sources */ = {isa = PBXBuildFile; fileRef = 610423D522DE4C100087E719 /* reusableIdentifier.swift */; };
		610423DC22DE61270087E719 /* CustomMenuCell.swift in Sources */ = {isa = PBXBuildFile; fileRef = 610423DB22DE61270087E719 /* CustomMenuCell.swift */; };
		610423E022DE61C00087E719 /* Protocol.swift in Sources */ = {isa = PBXBuildFile; fileRef = 610423DF22DE61C00087E719 /* Protocol.swift */; };
		6107A7E722EEDD61008BEF7A /* ImageCollectionView.swift in Sources */ = {isa = PBXBuildFile; fileRef = 6107A7E622EEDD61008BEF7A /* ImageCollectionView.swift */; };
		6107A7EA22EF77D5008BEF7A /* StretchyHeaderLayout.swift in Sources */ = {isa = PBXBuildFile; fileRef = 6107A7E922EF77D5008BEF7A /* StretchyHeaderLayout.swift */; };
		6107A7F122F0087D008BEF7A /* RoomListTableViewCell.swift in Sources */ = {isa = PBXBuildFile; fileRef = 6107A7F022F0087D008BEF7A /* RoomListTableViewCell.swift */; };
		614F669722F16C65007BDA03 /* StayRoomInfoTableViewCell.swift in Sources */ = {isa = PBXBuildFile; fileRef = 614F669622F16C65007BDA03 /* StayRoomInfoTableViewCell.swift */; };
		614F669922F182E6007BDA03 /* StayRoomEventTableViewCell.swift in Sources */ = {isa = PBXBuildFile; fileRef = 614F669822F182E6007BDA03 /* StayRoomEventTableViewCell.swift */; };
		614F669B22F1909C007BDA03 /* ConvenienceTableViewCell.swift in Sources */ = {isa = PBXBuildFile; fileRef = 614F669A22F1909C007BDA03 /* ConvenienceTableViewCell.swift */; };
		614F669D22F1A752007BDA03 /* FacilitiesCollectionViewCell.swift in Sources */ = {isa = PBXBuildFile; fileRef = 614F669C22F1A752007BDA03 /* FacilitiesCollectionViewCell.swift */; };
		614F669F22F1B5F4007BDA03 /* IntroduceStayTableViewCell.swift in Sources */ = {isa = PBXBuildFile; fileRef = 614F669E22F1B5F4007BDA03 /* IntroduceStayTableViewCell.swift */; };
		614F66A122F1EF67007BDA03 /* ServiceNoticeTableViewCell.swift in Sources */ = {isa = PBXBuildFile; fileRef = 614F66A022F1EF67007BDA03 /* ServiceNoticeTableViewCell.swift */; };
		614F66A322F1F413007BDA03 /* RoomDetailViewController.swift in Sources */ = {isa = PBXBuildFile; fileRef = 614F66A222F1F413007BDA03 /* RoomDetailViewController.swift */; };
		614F66A622F1F976007BDA03 /* RoomInfoTableViewCell.swift in Sources */ = {isa = PBXBuildFile; fileRef = 614F66A522F1F976007BDA03 /* RoomInfoTableViewCell.swift */; };
		614F66A822F201C1007BDA03 /* DetailRoomImageTableViewCell.swift in Sources */ = {isa = PBXBuildFile; fileRef = 614F66A722F201C1007BDA03 /* DetailRoomImageTableViewCell.swift */; };
		614F66AA22F2065A007BDA03 /* DetailRoomImageCollectionViewCell.swift in Sources */ = {isa = PBXBuildFile; fileRef = 614F66A922F2065A007BDA03 /* DetailRoomImageCollectionViewCell.swift */; };
		614F66AC22F248B3007BDA03 /* CheckInOutTableViewCell.swift in Sources */ = {isa = PBXBuildFile; fileRef = 614F66AB22F248B3007BDA03 /* CheckInOutTableViewCell.swift */; };
		614F66AE22F24AF8007BDA03 /* ReservationButtonviewTableViewCell.swift in Sources */ = {isa = PBXBuildFile; fileRef = 614F66AD22F24AF8007BDA03 /* ReservationButtonviewTableViewCell.swift */; };
		614F66B022F2910E007BDA03 /* NetworkStayList.swift in Sources */ = {isa = PBXBuildFile; fileRef = 614F66AF22F2910E007BDA03 /* NetworkStayList.swift */; };
		614F66B222F29967007BDA03 /* StayListModel.swift in Sources */ = {isa = PBXBuildFile; fileRef = 614F66B122F29967007BDA03 /* StayListModel.swift */; };
		614F66B422F2CDE7007BDA03 /* ReservationNoticeTableViewCell.swift in Sources */ = {isa = PBXBuildFile; fileRef = 614F66B322F2CDE7007BDA03 /* ReservationNoticeTableViewCell.swift */; };
		614F66B822F2F053007BDA03 /* MapTableViewCell.swift in Sources */ = {isa = PBXBuildFile; fileRef = 614F66B722F2F053007BDA03 /* MapTableViewCell.swift */; };
		614FD46A22F8951100572FC0 /* StayDetailModel.swift in Sources */ = {isa = PBXBuildFile; fileRef = 614FD46922F8951100572FC0 /* StayDetailModel.swift */; };
		6179322922F42BC900B2AE13 /* ParsingTimeViewController.swift in Sources */ = {isa = PBXBuildFile; fileRef = 6179322822F42BC900B2AE13 /* ParsingTimeViewController.swift */; };
		61CDB9F622E0436400C6C21B /* DefaultCollectionViewCell.swift in Sources */ = {isa = PBXBuildFile; fileRef = 61CDB9F522E0436400C6C21B /* DefaultCollectionViewCell.swift */; };
		61CDB9F822E1954900C6C21B /* DetailViewController.swift in Sources */ = {isa = PBXBuildFile; fileRef = 61CDB9F722E1954900C6C21B /* DetailViewController.swift */; };
		61E72F0622D31D49001B8A59 /* TopNaviView.swift in Sources */ = {isa = PBXBuildFile; fileRef = 61E72F0522D31D49001B8A59 /* TopNaviView.swift */; };
		61F91F1F22E6C4320090ED8F /* CALayerBorder.swift in Sources */ = {isa = PBXBuildFile; fileRef = 61F91F1E22E6C4320090ED8F /* CALayerBorder.swift */; };
		61F91F2222E6FCC40090ED8F /* DetailImageCollectionViewCell.swift in Sources */ = {isa = PBXBuildFile; fileRef = 61F91F2122E6FCC40090ED8F /* DetailImageCollectionViewCell.swift */; };
		61F91F2822EAD6A00090ED8F /* StayRoomListTableViewCell.swift in Sources */ = {isa = PBXBuildFile; fileRef = 61F91F2722EAD6A00090ED8F /* StayRoomListTableViewCell.swift */; };
		F313EEEE22E5793000880ACD /* HomePopWordsTableViewCell.swift in Sources */ = {isa = PBXBuildFile; fileRef = F313EEED22E5793000880ACD /* HomePopWordsTableViewCell.swift */; };
		F3144F9C22E772BF00F72E6D /* LoginEasyCollectionViewCell.swift in Sources */ = {isa = PBXBuildFile; fileRef = F3144F9B22E772BF00F72E6D /* LoginEasyCollectionViewCell.swift */; };
		F31F334722DDC679003A2C06 /* HomeThemeButton.swift in Sources */ = {isa = PBXBuildFile; fileRef = F31F334622DDC679003A2C06 /* HomeThemeButton.swift */; };
		F339FDFC22DEFF86003D5F71 /* MenuTitles.swift in Sources */ = {isa = PBXBuildFile; fileRef = F339FDFB22DEFF86003D5F71 /* MenuTitles.swift */; };
		F339FDFE22DF13A2003D5F71 /* HomePopTableViewCell.swift in Sources */ = {isa = PBXBuildFile; fileRef = F339FDFD22DF13A2003D5F71 /* HomePopTableViewCell.swift */; };
		F339FE0022DF1CFC003D5F71 /* HomePopCollectionViewCell.swift in Sources */ = {isa = PBXBuildFile; fileRef = F339FDFF22DF1CFC003D5F71 /* HomePopCollectionViewCell.swift */; };
		F33F27BF22D0AA10000656DD /* HomeViewController.swift in Sources */ = {isa = PBXBuildFile; fileRef = F33F27BE22D0AA10000656DD /* HomeViewController.swift */; };
		F33F27C122D0AA6F000656DD /* MyLocationViewController.swift in Sources */ = {isa = PBXBuildFile; fileRef = F33F27C022D0AA6F000656DD /* MyLocationViewController.swift */; };
		F33F27C322D0AA7C000656DD /* UserViewController.swift in Sources */ = {isa = PBXBuildFile; fileRef = F33F27C222D0AA7C000656DD /* UserViewController.swift */; };
		F344C03B22F8C31E00D41442 /* HomeThemeGroup.swift in Sources */ = {isa = PBXBuildFile; fileRef = F344C03A22F8C31E00D41442 /* HomeThemeGroup.swift */; };
		F3535EC822E8E48F00EDA352 /* UserViewLoginStampTableViewCell.swift in Sources */ = {isa = PBXBuildFile; fileRef = F3535EC722E8E48F00EDA352 /* UserViewLoginStampTableViewCell.swift */; };
		F364AE4122FC2FAF00665C4E /* MapNetwork.swift in Sources */ = {isa = PBXBuildFile; fileRef = F364AE4022FC2FAF00665C4E /* MapNetwork.swift */; };
		F364AE4322FC6A0B00665C4E /* UserViewAfterLoginTableViewCell.swift in Sources */ = {isa = PBXBuildFile; fileRef = F364AE4222FC6A0B00665C4E /* UserViewAfterLoginTableViewCell.swift */; };
		F36B942522E9CDC0002E999A /* SampleViewController.swift in Sources */ = {isa = PBXBuildFile; fileRef = F36B942422E9CDC0002E999A /* SampleViewController.swift */; };
		F3729DE622E87814002738FE /* UserViewLoginTableViewCell.swift in Sources */ = {isa = PBXBuildFile; fileRef = F3729DE522E87814002738FE /* UserViewLoginTableViewCell.swift */; };
		F37D6E4522F44CDA007E4D59 /* HomeThemeNetwork.swift in Sources */ = {isa = PBXBuildFile; fileRef = F37D6E4422F44CDA007E4D59 /* HomeThemeNetwork.swift */; };
		F3919B1922D45FB00093DB24 /* HomeThemeTableViewCell.swift in Sources */ = {isa = PBXBuildFile; fileRef = F3919B1822D45FB00093DB24 /* HomeThemeTableViewCell.swift */; };
		F3919B1B22D4A17B0093DB24 /* fakeData.swift in Sources */ = {isa = PBXBuildFile; fileRef = F3919B1A22D4A17B0093DB24 /* fakeData.swift */; };
		F39B7F2B22F5CDDF00186E61 /* HomeThemeBigSale.swift in Sources */ = {isa = PBXBuildFile; fileRef = F39B7F2A22F5CDDF00186E61 /* HomeThemeBigSale.swift */; };
		F39B7F2D22F6E9A900186E61 /* HomeThemePartyRoom.swift in Sources */ = {isa = PBXBuildFile; fileRef = F39B7F2C22F6E9A900186E61 /* HomeThemePartyRoom.swift */; };
		F39B7F2F22F6E9C100186E61 /* HomeThemeSwimmingPool.swift in Sources */ = {isa = PBXBuildFile; fileRef = F39B7F2E22F6E9C100186E61 /* HomeThemeSwimmingPool.swift */; };
		F39B7F3122F6E9D500186E61 /* HomeThemeSpa.swift in Sources */ = {isa = PBXBuildFile; fileRef = F39B7F3022F6E9D500186E61 /* HomeThemeSpa.swift */; };
		F39C843522DC64C50024BBDB /* HomeThemeCollectionViewMenuBar.swift in Sources */ = {isa = PBXBuildFile; fileRef = F39C843422DC64C50024BBDB /* HomeThemeCollectionViewMenuBar.swift */; };
		F39C843722DC6A680024BBDB /* HomeThemeMenuCollectionCell.swift in Sources */ = {isa = PBXBuildFile; fileRef = F39C843622DC6A680024BBDB /* HomeThemeMenuCollectionCell.swift */; };
		F3B185DD22D0812200B01C6C /* AppDelegate.swift in Sources */ = {isa = PBXBuildFile; fileRef = F3B185DC22D0812200B01C6C /* AppDelegate.swift */; };
		F3B185DF22D0812200B01C6C /* RegionViewController.swift in Sources */ = {isa = PBXBuildFile; fileRef = F3B185DE22D0812200B01C6C /* RegionViewController.swift */; };
		F3B185E522D0812200B01C6C /* Yanolja.xcdatamodeld in Sources */ = {isa = PBXBuildFile; fileRef = F3B185E322D0812200B01C6C /* Yanolja.xcdatamodeld */; };
		F3B185E722D0812300B01C6C /* Assets.xcassets in Resources */ = {isa = PBXBuildFile; fileRef = F3B185E622D0812300B01C6C /* Assets.xcassets */; };
		F3B185EA22D0812300B01C6C /* LaunchScreen.storyboard in Resources */ = {isa = PBXBuildFile; fileRef = F3B185E822D0812300B01C6C /* LaunchScreen.storyboard */; };
		F3B185F522D081B500B01C6C /* CustomTabBarController.swift in Sources */ = {isa = PBXBuildFile; fileRef = F3B185F422D081B500B01C6C /* CustomTabBarController.swift */; };
		F3B2A08F22F1976A003997AF /* MapViewController.swift in Sources */ = {isa = PBXBuildFile; fileRef = F3B2A08E22F1976A003997AF /* MapViewController.swift */; };
		F3B2A09222F197D7003997AF /* MapSearchView.swift in Sources */ = {isa = PBXBuildFile; fileRef = F3B2A09122F197D7003997AF /* MapSearchView.swift */; };
		F3B2A09422F19945003997AF /* ConfirmButtonView.swift in Sources */ = {isa = PBXBuildFile; fileRef = F3B2A09322F19945003997AF /* ConfirmButtonView.swift */; };
		F3C47F4C22F044D900E722D4 /* RegisterViewController.swift in Sources */ = {isa = PBXBuildFile; fileRef = F3C47F4B22F044D900E722D4 /* RegisterViewController.swift */; };
		F3C47F4E22F0452A00E722D4 /* RegisterSecondViewController.swift in Sources */ = {isa = PBXBuildFile; fileRef = F3C47F4D22F0452A00E722D4 /* RegisterSecondViewController.swift */; };
		F3C8171022D33294009CF7AC /* HomeThemeCollectionViewCell.swift in Sources */ = {isa = PBXBuildFile; fileRef = F3C8170F22D33294009CF7AC /* HomeThemeCollectionViewCell.swift */; };
		F3C8171222D36DFE009CF7AC /* HomeTopButtonTableViewCell.swift in Sources */ = {isa = PBXBuildFile; fileRef = F3C8171122D36DFE009CF7AC /* HomeTopButtonTableViewCell.swift */; };
		F3D6790022E1CAC90037F5F1 /* HomeThemeDiffTableViewCell.swift in Sources */ = {isa = PBXBuildFile; fileRef = F3D678FF22E1CAC90037F5F1 /* HomeThemeDiffTableViewCell.swift */; };
		F3DB557E22E6E89F002C3041 /* LoginViewController.swift in Sources */ = {isa = PBXBuildFile; fileRef = F3DB557D22E6E89F002C3041 /* LoginViewController.swift */; };
		F3DB558122E6EB29002C3041 /* LoginCollectionViewCell.swift in Sources */ = {isa = PBXBuildFile; fileRef = F3DB558022E6EB29002C3041 /* LoginCollectionViewCell.swift */; };
		F3DB558322E6EB55002C3041 /* LoginMenuBar.swift in Sources */ = {isa = PBXBuildFile; fileRef = F3DB558222E6EB55002C3041 /* LoginMenuBar.swift */; };
		F3DB558522E6EF25002C3041 /* LoginMenuCollectionViewCell.swift in Sources */ = {isa = PBXBuildFile; fileRef = F3DB558422E6EF25002C3041 /* LoginMenuCollectionViewCell.swift */; };
		F3E20AD122FAA7F0002DF2D4 /* HomePopSecondTableViewCell.swift in Sources */ = {isa = PBXBuildFile; fileRef = F3E20AD022FAA7F0002DF2D4 /* HomePopSecondTableViewCell.swift */; };
		F3E20AD322FAA8D0002DF2D4 /* LaunchViewController.swift in Sources */ = {isa = PBXBuildFile; fileRef = F3E20AD222FAA8D0002DF2D4 /* LaunchViewController.swift */; };
		F3E2EA6822FA15FA0021239E /* HomeThemeSecondTableViewCell.swift in Sources */ = {isa = PBXBuildFile; fileRef = F3E2EA6722FA15FA0021239E /* HomeThemeSecondTableViewCell.swift */; };
		F3E2EA6A22FA163F0021239E /* HomeThemeDiffSecondTableViewCell.swift in Sources */ = {isa = PBXBuildFile; fileRef = F3E2EA6922FA163F0021239E /* HomeThemeDiffSecondTableViewCell.swift */; };
		F3E2EA6C22FA16BF0021239E /* HomePopDetailTableViewCell.swift in Sources */ = {isa = PBXBuildFile; fileRef = F3E2EA6B22FA16BF0021239E /* HomePopDetailTableViewCell.swift */; };
		F3E2EA6E22FA16F20021239E /* HomeThemeSecondCollectionViewMenuBar.swift in Sources */ = {isa = PBXBuildFile; fileRef = F3E2EA6D22FA16F20021239E /* HomeThemeSecondCollectionViewMenuBar.swift */; };
		F3E2EA7022FA18730021239E /* HomePopDetailViewController.swift in Sources */ = {isa = PBXBuildFile; fileRef = F3E2EA6F22FA18730021239E /* HomePopDetailViewController.swift */; };
		F3E9655322F304B5002ECF1D /* CommonApiKey.swift in Sources */ = {isa = PBXBuildFile; fileRef = F3E9655222F304B5002ECF1D /* CommonApiKey.swift */; };
/* End PBXBuildFile section */

/* Begin PBXFileReference section */
		1F11FF2B22FA73A600148BA3 /* RegionDetailViewController.swift */ = {isa = PBXFileReference; lastKnownFileType = sourcecode.swift; path = RegionDetailViewController.swift; sourceTree = "<group>"; };
		1F11FF5323013DDE00148BA3 /* HomeCategoryViewController.swift */ = {isa = PBXFileReference; lastKnownFileType = sourcecode.swift; path = HomeCategoryViewController.swift; sourceTree = "<group>"; };
		1F11FFAD2301ACF600148BA3 /* FilterViewController.swift */ = {isa = PBXFileReference; lastKnownFileType = sourcecode.swift; path = FilterViewController.swift; sourceTree = "<group>"; };
		1F11FFB62301B3AF00148BA3 /* FilterSortCell.swift */ = {isa = PBXFileReference; lastKnownFileType = sourcecode.swift; path = FilterSortCell.swift; sourceTree = "<group>"; };
		1F11FFB82301B3D900148BA3 /* FilterThemeCell.swift */ = {isa = PBXFileReference; lastKnownFileType = sourcecode.swift; path = FilterThemeCell.swift; sourceTree = "<group>"; };
		1F11FFBA2301B40D00148BA3 /* FilterCharacteristicCell.swift */ = {isa = PBXFileReference; lastKnownFileType = sourcecode.swift; path = FilterCharacteristicCell.swift; sourceTree = "<group>"; };
		1F11FFBC2301B42A00148BA3 /* FilterPriceCell.swift */ = {isa = PBXFileReference; lastKnownFileType = sourcecode.swift; path = FilterPriceCell.swift; sourceTree = "<group>"; };
		1F11FFBF2302388900148BA3 /* FilterThemeCollectionViewCell.swift */ = {isa = PBXFileReference; lastKnownFileType = sourcecode.swift; path = FilterThemeCollectionViewCell.swift; sourceTree = "<group>"; };
		1F37D05322F02F71006D397A /* NetworkRegister.swift */ = {isa = PBXFileReference; lastKnownFileType = sourcecode.swift; path = NetworkRegister.swift; sourceTree = "<group>"; };
		1F37D05722F054B8006D397A /* ReservationViewController.swift */ = {isa = PBXFileReference; lastKnownFileType = sourcecode.swift; path = ReservationViewController.swift; sourceTree = "<group>"; };
		1F37D05922F05AE7006D397A /* ReservationCollectionFirstViewCell.swift */ = {isa = PBXFileReference; lastKnownFileType = sourcecode.swift; path = ReservationCollectionFirstViewCell.swift; sourceTree = "<group>"; };
		1F37D05D22F06789006D397A /* ReservationCollectionSecondViewCell.swift */ = {isa = PBXFileReference; lastKnownFileType = sourcecode.swift; path = ReservationCollectionSecondViewCell.swift; sourceTree = "<group>"; };
		1F37D05F22F0679A006D397A /* ReservationCollectionThirdViewCell.swift */ = {isa = PBXFileReference; lastKnownFileType = sourcecode.swift; path = ReservationCollectionThirdViewCell.swift; sourceTree = "<group>"; };
		1F37D06122F067A6006D397A /* ReservationCollectionForthViewCell.swift */ = {isa = PBXFileReference; lastKnownFileType = sourcecode.swift; path = ReservationCollectionForthViewCell.swift; sourceTree = "<group>"; };
		1F37D07D22F7E9AF006D397A /* NetworkSerchList.swift */ = {isa = PBXFileReference; lastKnownFileType = sourcecode.swift; path = NetworkSerchList.swift; sourceTree = "<group>"; };
		1F37D07F22F7EF2B006D397A /* ImageView.swift */ = {isa = PBXFileReference; lastKnownFileType = sourcecode.swift; path = ImageView.swift; sourceTree = "<group>"; };
		1F37D08122F83ABF006D397A /* SearchDetailViewController.swift */ = {isa = PBXFileReference; lastKnownFileType = sourcecode.swift; path = SearchDetailViewController.swift; sourceTree = "<group>"; };
		1F37D08622F9325B006D397A /* SearchDetailDefaultTableViewCell.swift */ = {isa = PBXFileReference; lastKnownFileType = sourcecode.swift; path = SearchDetailDefaultTableViewCell.swift; sourceTree = "<group>"; };
		1FB5A8B322DC5A9D009057F4 /* RecentlyCell.swift */ = {isa = PBXFileReference; fileEncoding = 4; lastKnownFileType = sourcecode.swift; path = RecentlyCell.swift; sourceTree = "<group>"; };
		1FB5A8B522DC5AA5009057F4 /* RecentlyCell.xib */ = {isa = PBXFileReference; fileEncoding = 4; lastKnownFileType = file.xib; path = RecentlyCell.xib; sourceTree = "<group>"; };
		1FB5A8BB22DC5ABA009057F4 /* RecommendView.swift */ = {isa = PBXFileReference; fileEncoding = 4; lastKnownFileType = sourcecode.swift; path = RecommendView.swift; sourceTree = "<group>"; };
		1FB5C82422DDCF7C00044D94 /* FSCalendarCollectionView.m */ = {isa = PBXFileReference; fileEncoding = 4; lastKnownFileType = sourcecode.c.objc; path = FSCalendarCollectionView.m; sourceTree = "<group>"; };
		1FB5C82522DDCF7C00044D94 /* FSCalendarWeekdayView.h */ = {isa = PBXFileReference; fileEncoding = 4; lastKnownFileType = sourcecode.c.h; path = FSCalendarWeekdayView.h; sourceTree = "<group>"; };
		1FB5C82622DDCF7C00044D94 /* FSCalendarCollectionViewLayout.h */ = {isa = PBXFileReference; fileEncoding = 4; lastKnownFileType = sourcecode.c.h; path = FSCalendarCollectionViewLayout.h; sourceTree = "<group>"; };
		1FB5C82722DDCF7C00044D94 /* FSCalendarDelegationProxy.m */ = {isa = PBXFileReference; fileEncoding = 4; lastKnownFileType = sourcecode.c.objc; path = FSCalendarDelegationProxy.m; sourceTree = "<group>"; };
		1FB5C82822DDCF7C00044D94 /* FSCalendarExtensions.h */ = {isa = PBXFileReference; fileEncoding = 4; lastKnownFileType = sourcecode.c.h; path = FSCalendarExtensions.h; sourceTree = "<group>"; };
		1FB5C82922DDCF7C00044D94 /* FSCalendarDelegationFactory.m */ = {isa = PBXFileReference; fileEncoding = 4; lastKnownFileType = sourcecode.c.objc; path = FSCalendarDelegationFactory.m; sourceTree = "<group>"; };
		1FB5C82A22DDCF7C00044D94 /* FSCalendarSeparatorDecorationView.h */ = {isa = PBXFileReference; fileEncoding = 4; lastKnownFileType = sourcecode.c.h; path = FSCalendarSeparatorDecorationView.h; sourceTree = "<group>"; };
		1FB5C82B22DDCF7C00044D94 /* FSCalendarCalculator.h */ = {isa = PBXFileReference; fileEncoding = 4; lastKnownFileType = sourcecode.c.h; path = FSCalendarCalculator.h; sourceTree = "<group>"; };
		1FB5C82C22DDCF7C00044D94 /* FSCalendarHeaderView.h */ = {isa = PBXFileReference; fileEncoding = 4; lastKnownFileType = sourcecode.c.h; path = FSCalendarHeaderView.h; sourceTree = "<group>"; };
		1FB5C82D22DDCF7C00044D94 /* FSCalendarConstants.h */ = {isa = PBXFileReference; fileEncoding = 4; lastKnownFileType = sourcecode.c.h; path = FSCalendarConstants.h; sourceTree = "<group>"; };
		1FB5C82E22DDCF7C00044D94 /* FSCalendarAppearance.h */ = {isa = PBXFileReference; fileEncoding = 4; lastKnownFileType = sourcecode.c.h; path = FSCalendarAppearance.h; sourceTree = "<group>"; };
		1FB5C82F22DDCF7C00044D94 /* FSCalendarTransitionCoordinator.h */ = {isa = PBXFileReference; fileEncoding = 4; lastKnownFileType = sourcecode.c.h; path = FSCalendarTransitionCoordinator.h; sourceTree = "<group>"; };
		1FB5C83022DDCF7C00044D94 /* FSCalendarCell.m */ = {isa = PBXFileReference; fileEncoding = 4; lastKnownFileType = sourcecode.c.objc; path = FSCalendarCell.m; sourceTree = "<group>"; };
		1FB5C83122DDCF7C00044D94 /* FSCalendarStickyHeader.m */ = {isa = PBXFileReference; fileEncoding = 4; lastKnownFileType = sourcecode.c.objc; path = FSCalendarStickyHeader.m; sourceTree = "<group>"; };
		1FB5C83222DDCF7C00044D94 /* FSCalendar.m */ = {isa = PBXFileReference; fileEncoding = 4; lastKnownFileType = sourcecode.c.objc; path = FSCalendar.m; sourceTree = "<group>"; };
		1FB5C83322DDCF7C00044D94 /* FSCalendarCollectionViewLayout.m */ = {isa = PBXFileReference; fileEncoding = 4; lastKnownFileType = sourcecode.c.objc; path = FSCalendarCollectionViewLayout.m; sourceTree = "<group>"; };
		1FB5C83422DDCF7C00044D94 /* FSCalendarWeekdayView.m */ = {isa = PBXFileReference; fileEncoding = 4; lastKnownFileType = sourcecode.c.objc; path = FSCalendarWeekdayView.m; sourceTree = "<group>"; };
		1FB5C83522DDCF7C00044D94 /* FSCalendarCollectionView.h */ = {isa = PBXFileReference; fileEncoding = 4; lastKnownFileType = sourcecode.c.h; path = FSCalendarCollectionView.h; sourceTree = "<group>"; };
		1FB5C83622DDCF7C00044D94 /* FSCalendarDynamicHeader.h */ = {isa = PBXFileReference; fileEncoding = 4; lastKnownFileType = sourcecode.c.h; path = FSCalendarDynamicHeader.h; sourceTree = "<group>"; };
		1FB5C83722DDCF7C00044D94 /* FSCalendarSeparatorDecorationView.m */ = {isa = PBXFileReference; fileEncoding = 4; lastKnownFileType = sourcecode.c.objc; path = FSCalendarSeparatorDecorationView.m; sourceTree = "<group>"; };
		1FB5C83822DDCF7C00044D94 /* FSCalendarDelegationFactory.h */ = {isa = PBXFileReference; fileEncoding = 4; lastKnownFileType = sourcecode.c.h; path = FSCalendarDelegationFactory.h; sourceTree = "<group>"; };
		1FB5C83922DDCF7C00044D94 /* FSCalendarExtensions.m */ = {isa = PBXFileReference; fileEncoding = 4; lastKnownFileType = sourcecode.c.objc; path = FSCalendarExtensions.m; sourceTree = "<group>"; };
		1FB5C83A22DDCF7C00044D94 /* FSCalendarDelegationProxy.h */ = {isa = PBXFileReference; fileEncoding = 4; lastKnownFileType = sourcecode.c.h; path = FSCalendarDelegationProxy.h; sourceTree = "<group>"; };
		1FB5C83B22DDCF7C00044D94 /* FSCalendarConstants.m */ = {isa = PBXFileReference; fileEncoding = 4; lastKnownFileType = sourcecode.c.objc; path = FSCalendarConstants.m; sourceTree = "<group>"; };
		1FB5C83C22DDCF7C00044D94 /* FSCalendarCalculator.m */ = {isa = PBXFileReference; fileEncoding = 4; lastKnownFileType = sourcecode.c.objc; path = FSCalendarCalculator.m; sourceTree = "<group>"; };
		1FB5C83D22DDCF7C00044D94 /* FSCalendarHeaderView.m */ = {isa = PBXFileReference; fileEncoding = 4; lastKnownFileType = sourcecode.c.objc; path = FSCalendarHeaderView.m; sourceTree = "<group>"; };
		1FB5C83E22DDCF7C00044D94 /* FSCalendarStickyHeader.h */ = {isa = PBXFileReference; fileEncoding = 4; lastKnownFileType = sourcecode.c.h; path = FSCalendarStickyHeader.h; sourceTree = "<group>"; };
		1FB5C83F22DDCF7C00044D94 /* FSCalendar.h */ = {isa = PBXFileReference; fileEncoding = 4; lastKnownFileType = sourcecode.c.h; path = FSCalendar.h; sourceTree = "<group>"; };
		1FB5C84022DDCF7C00044D94 /* FSCalendarCell.h */ = {isa = PBXFileReference; fileEncoding = 4; lastKnownFileType = sourcecode.c.h; path = FSCalendarCell.h; sourceTree = "<group>"; };
		1FB5C84122DDCF7C00044D94 /* FSCalendarTransitionCoordinator.m */ = {isa = PBXFileReference; fileEncoding = 4; lastKnownFileType = sourcecode.c.objc; path = FSCalendarTransitionCoordinator.m; sourceTree = "<group>"; };
		1FB5C84222DDCF7C00044D94 /* Info.plist */ = {isa = PBXFileReference; fileEncoding = 4; lastKnownFileType = text.plist.xml; path = Info.plist; sourceTree = "<group>"; };
		1FB5C84322DDCF7C00044D94 /* FSCalendarAppearance.m */ = {isa = PBXFileReference; fileEncoding = 4; lastKnownFileType = sourcecode.c.objc; path = FSCalendarAppearance.m; sourceTree = "<group>"; };
		1FB5C85422DDCFBE00044D94 /* Objc-Bridge-Header.h */ = {isa = PBXFileReference; lastKnownFileType = sourcecode.c.h; path = "Objc-Bridge-Header.h"; sourceTree = "<group>"; };
		1FB5C85522DDD0C300044D94 /* CalendarViewController.swift */ = {isa = PBXFileReference; lastKnownFileType = sourcecode.swift; path = CalendarViewController.swift; sourceTree = "<group>"; };
		1FB5C89C22E0E29100044D94 /* RecentlyCustomCell.swift */ = {isa = PBXFileReference; lastKnownFileType = sourcecode.swift; path = RecentlyCustomCell.swift; sourceTree = "<group>"; };
		1FB5C89E22E0EA4B00044D94 /* DefaultCell.swift */ = {isa = PBXFileReference; lastKnownFileType = sourcecode.swift; path = DefaultCell.swift; sourceTree = "<group>"; };
		1FB5C8A022E19A1500044D94 /* regionData.swift */ = {isa = PBXFileReference; lastKnownFileType = sourcecode.swift; path = regionData.swift; sourceTree = "<group>"; };
		1FD3A45622E58D7E00417F1C /* fakeSingleTon.swift */ = {isa = PBXFileReference; lastKnownFileType = sourcecode.swift; path = fakeSingleTon.swift; sourceTree = "<group>"; };
		1FD3A45822E8865600417F1C /* NumberOfPeopleViewController.swift */ = {isa = PBXFileReference; lastKnownFileType = sourcecode.swift; path = NumberOfPeopleViewController.swift; sourceTree = "<group>"; };
		1FD3A47922EB19CD00417F1C /* NumberOfPeopleCollectionViewCell.swift */ = {isa = PBXFileReference; lastKnownFileType = sourcecode.swift; path = NumberOfPeopleCollectionViewCell.swift; sourceTree = "<group>"; };
		6104239122DAE4750087E719 /* SearchViewController.swift */ = {isa = PBXFileReference; lastKnownFileType = sourcecode.swift; path = SearchViewController.swift; sourceTree = "<group>"; xcLanguageSpecificationIdentifier = xcode.lang.swift; };
		6104239622DAE4EF0087E719 /* searchStruct.swift */ = {isa = PBXFileReference; lastKnownFileType = sourcecode.swift; path = searchStruct.swift; sourceTree = "<group>"; };
		6104239822DAE5350087E719 /* KeyWordViewController.swift */ = {isa = PBXFileReference; lastKnownFileType = sourcecode.swift; path = KeyWordViewController.swift; sourceTree = "<group>"; };
		6104239A22DC65FB0087E719 /* MotelTableViewCell.swift */ = {isa = PBXFileReference; lastKnownFileType = sourcecode.swift; path = MotelTableViewCell.swift; sourceTree = "<group>"; };
		6104239C22DC78CC0087E719 /* HotelTableViewCell.swift */ = {isa = PBXFileReference; lastKnownFileType = sourcecode.swift; path = HotelTableViewCell.swift; sourceTree = "<group>"; };
		610423CA22DE44EB0087E719 /* CustomCollectionViewCell.swift */ = {isa = PBXFileReference; lastKnownFileType = sourcecode.swift; path = CustomCollectionViewCell.swift; sourceTree = "<group>"; };
		610423CF22DE4A210087E719 /* ListCollectionView.swift */ = {isa = PBXFileReference; lastKnownFileType = sourcecode.swift; path = ListCollectionView.swift; sourceTree = "<group>"; };
		610423D122DE4AA20087E719 /* CustomMenuBar.swift */ = {isa = PBXFileReference; lastKnownFileType = sourcecode.swift; path = CustomMenuBar.swift; sourceTree = "<group>"; };
		610423D522DE4C100087E719 /* reusableIdentifier.swift */ = {isa = PBXFileReference; lastKnownFileType = sourcecode.swift; path = reusableIdentifier.swift; sourceTree = "<group>"; };
		610423DB22DE61270087E719 /* CustomMenuCell.swift */ = {isa = PBXFileReference; lastKnownFileType = sourcecode.swift; path = CustomMenuCell.swift; sourceTree = "<group>"; };
		610423DF22DE61C00087E719 /* Protocol.swift */ = {isa = PBXFileReference; lastKnownFileType = sourcecode.swift; path = Protocol.swift; sourceTree = "<group>"; };
		6107A7E622EEDD61008BEF7A /* ImageCollectionView.swift */ = {isa = PBXFileReference; lastKnownFileType = sourcecode.swift; path = ImageCollectionView.swift; sourceTree = "<group>"; };
		6107A7E922EF77D5008BEF7A /* StretchyHeaderLayout.swift */ = {isa = PBXFileReference; lastKnownFileType = sourcecode.swift; path = StretchyHeaderLayout.swift; sourceTree = "<group>"; };
		6107A7F022F0087D008BEF7A /* RoomListTableViewCell.swift */ = {isa = PBXFileReference; lastKnownFileType = sourcecode.swift; path = RoomListTableViewCell.swift; sourceTree = "<group>"; };
		614F669622F16C65007BDA03 /* StayRoomInfoTableViewCell.swift */ = {isa = PBXFileReference; lastKnownFileType = sourcecode.swift; path = StayRoomInfoTableViewCell.swift; sourceTree = "<group>"; };
		614F669822F182E6007BDA03 /* StayRoomEventTableViewCell.swift */ = {isa = PBXFileReference; lastKnownFileType = sourcecode.swift; path = StayRoomEventTableViewCell.swift; sourceTree = "<group>"; };
		614F669A22F1909C007BDA03 /* ConvenienceTableViewCell.swift */ = {isa = PBXFileReference; lastKnownFileType = sourcecode.swift; path = ConvenienceTableViewCell.swift; sourceTree = "<group>"; };
		614F669C22F1A752007BDA03 /* FacilitiesCollectionViewCell.swift */ = {isa = PBXFileReference; lastKnownFileType = sourcecode.swift; path = FacilitiesCollectionViewCell.swift; sourceTree = "<group>"; };
		614F669E22F1B5F4007BDA03 /* IntroduceStayTableViewCell.swift */ = {isa = PBXFileReference; lastKnownFileType = sourcecode.swift; path = IntroduceStayTableViewCell.swift; sourceTree = "<group>"; };
		614F66A022F1EF67007BDA03 /* ServiceNoticeTableViewCell.swift */ = {isa = PBXFileReference; lastKnownFileType = sourcecode.swift; path = ServiceNoticeTableViewCell.swift; sourceTree = "<group>"; };
		614F66A222F1F413007BDA03 /* RoomDetailViewController.swift */ = {isa = PBXFileReference; lastKnownFileType = sourcecode.swift; path = RoomDetailViewController.swift; sourceTree = "<group>"; };
		614F66A522F1F976007BDA03 /* RoomInfoTableViewCell.swift */ = {isa = PBXFileReference; lastKnownFileType = sourcecode.swift; path = RoomInfoTableViewCell.swift; sourceTree = "<group>"; };
		614F66A722F201C1007BDA03 /* DetailRoomImageTableViewCell.swift */ = {isa = PBXFileReference; lastKnownFileType = sourcecode.swift; path = DetailRoomImageTableViewCell.swift; sourceTree = "<group>"; };
		614F66A922F2065A007BDA03 /* DetailRoomImageCollectionViewCell.swift */ = {isa = PBXFileReference; lastKnownFileType = sourcecode.swift; path = DetailRoomImageCollectionViewCell.swift; sourceTree = "<group>"; };
		614F66AB22F248B3007BDA03 /* CheckInOutTableViewCell.swift */ = {isa = PBXFileReference; lastKnownFileType = sourcecode.swift; path = CheckInOutTableViewCell.swift; sourceTree = "<group>"; };
		614F66AD22F24AF8007BDA03 /* ReservationButtonviewTableViewCell.swift */ = {isa = PBXFileReference; lastKnownFileType = sourcecode.swift; path = ReservationButtonviewTableViewCell.swift; sourceTree = "<group>"; };
		614F66AF22F2910E007BDA03 /* NetworkStayList.swift */ = {isa = PBXFileReference; lastKnownFileType = sourcecode.swift; path = NetworkStayList.swift; sourceTree = "<group>"; };
		614F66B122F29967007BDA03 /* StayListModel.swift */ = {isa = PBXFileReference; lastKnownFileType = sourcecode.swift; path = StayListModel.swift; sourceTree = "<group>"; };
		614F66B322F2CDE7007BDA03 /* ReservationNoticeTableViewCell.swift */ = {isa = PBXFileReference; lastKnownFileType = sourcecode.swift; path = ReservationNoticeTableViewCell.swift; sourceTree = "<group>"; };
		614F66B722F2F053007BDA03 /* MapTableViewCell.swift */ = {isa = PBXFileReference; lastKnownFileType = sourcecode.swift; path = MapTableViewCell.swift; sourceTree = "<group>"; };
		614FD46922F8951100572FC0 /* StayDetailModel.swift */ = {isa = PBXFileReference; lastKnownFileType = sourcecode.swift; path = StayDetailModel.swift; sourceTree = "<group>"; };
		6179322822F42BC900B2AE13 /* ParsingTimeViewController.swift */ = {isa = PBXFileReference; lastKnownFileType = sourcecode.swift; path = ParsingTimeViewController.swift; sourceTree = "<group>"; };
		61CDB9F522E0436400C6C21B /* DefaultCollectionViewCell.swift */ = {isa = PBXFileReference; lastKnownFileType = sourcecode.swift; path = DefaultCollectionViewCell.swift; sourceTree = "<group>"; };
		61CDB9F722E1954900C6C21B /* DetailViewController.swift */ = {isa = PBXFileReference; lastKnownFileType = sourcecode.swift; path = DetailViewController.swift; sourceTree = "<group>"; };
		61E72F0522D31D49001B8A59 /* TopNaviView.swift */ = {isa = PBXFileReference; lastKnownFileType = sourcecode.swift; path = TopNaviView.swift; sourceTree = "<group>"; };
		61F91F1E22E6C4320090ED8F /* CALayerBorder.swift */ = {isa = PBXFileReference; lastKnownFileType = sourcecode.swift; path = CALayerBorder.swift; sourceTree = "<group>"; };
		61F91F2122E6FCC40090ED8F /* DetailImageCollectionViewCell.swift */ = {isa = PBXFileReference; lastKnownFileType = sourcecode.swift; path = DetailImageCollectionViewCell.swift; sourceTree = "<group>"; };
		61F91F2722EAD6A00090ED8F /* StayRoomListTableViewCell.swift */ = {isa = PBXFileReference; lastKnownFileType = sourcecode.swift; path = StayRoomListTableViewCell.swift; sourceTree = "<group>"; };
		9FB5687E926CE1C03A35C8D8 /* Pods-Yanolja.debug.xcconfig */ = {isa = PBXFileReference; includeInIndex = 1; lastKnownFileType = text.xcconfig; name = "Pods-Yanolja.debug.xcconfig"; path = "Target Support Files/Pods-Yanolja/Pods-Yanolja.debug.xcconfig"; sourceTree = "<group>"; };
		B7C57B8E575F631C018B5C4A /* Pods_Yanolja.framework */ = {isa = PBXFileReference; explicitFileType = wrapper.framework; includeInIndex = 0; path = Pods_Yanolja.framework; sourceTree = BUILT_PRODUCTS_DIR; };
		C6825F77A4995BC74A42701C /* Pods-Yanolja.release.xcconfig */ = {isa = PBXFileReference; includeInIndex = 1; lastKnownFileType = text.xcconfig; name = "Pods-Yanolja.release.xcconfig"; path = "Target Support Files/Pods-Yanolja/Pods-Yanolja.release.xcconfig"; sourceTree = "<group>"; };
		F313EEED22E5793000880ACD /* HomePopWordsTableViewCell.swift */ = {isa = PBXFileReference; lastKnownFileType = sourcecode.swift; path = HomePopWordsTableViewCell.swift; sourceTree = "<group>"; };
		F3144F9B22E772BF00F72E6D /* LoginEasyCollectionViewCell.swift */ = {isa = PBXFileReference; lastKnownFileType = sourcecode.swift; path = LoginEasyCollectionViewCell.swift; sourceTree = "<group>"; };
		F31F334622DDC679003A2C06 /* HomeThemeButton.swift */ = {isa = PBXFileReference; lastKnownFileType = sourcecode.swift; path = HomeThemeButton.swift; sourceTree = "<group>"; };
		F339FDFB22DEFF86003D5F71 /* MenuTitles.swift */ = {isa = PBXFileReference; lastKnownFileType = sourcecode.swift; path = MenuTitles.swift; sourceTree = "<group>"; };
		F339FDFD22DF13A2003D5F71 /* HomePopTableViewCell.swift */ = {isa = PBXFileReference; lastKnownFileType = sourcecode.swift; path = HomePopTableViewCell.swift; sourceTree = "<group>"; };
		F339FDFF22DF1CFC003D5F71 /* HomePopCollectionViewCell.swift */ = {isa = PBXFileReference; lastKnownFileType = sourcecode.swift; path = HomePopCollectionViewCell.swift; sourceTree = "<group>"; };
		F33F27BE22D0AA10000656DD /* HomeViewController.swift */ = {isa = PBXFileReference; lastKnownFileType = sourcecode.swift; path = HomeViewController.swift; sourceTree = "<group>"; };
		F33F27C022D0AA6F000656DD /* MyLocationViewController.swift */ = {isa = PBXFileReference; lastKnownFileType = sourcecode.swift; path = MyLocationViewController.swift; sourceTree = "<group>"; };
		F33F27C222D0AA7C000656DD /* UserViewController.swift */ = {isa = PBXFileReference; lastKnownFileType = sourcecode.swift; path = UserViewController.swift; sourceTree = "<group>"; };
		F344C03A22F8C31E00D41442 /* HomeThemeGroup.swift */ = {isa = PBXFileReference; lastKnownFileType = sourcecode.swift; path = HomeThemeGroup.swift; sourceTree = "<group>"; };
		F3535EC722E8E48F00EDA352 /* UserViewLoginStampTableViewCell.swift */ = {isa = PBXFileReference; lastKnownFileType = sourcecode.swift; path = UserViewLoginStampTableViewCell.swift; sourceTree = "<group>"; };
		F364AE4022FC2FAF00665C4E /* MapNetwork.swift */ = {isa = PBXFileReference; lastKnownFileType = sourcecode.swift; path = MapNetwork.swift; sourceTree = "<group>"; };
		F364AE4222FC6A0B00665C4E /* UserViewAfterLoginTableViewCell.swift */ = {isa = PBXFileReference; lastKnownFileType = sourcecode.swift; path = UserViewAfterLoginTableViewCell.swift; sourceTree = "<group>"; };
		F36B942422E9CDC0002E999A /* SampleViewController.swift */ = {isa = PBXFileReference; lastKnownFileType = sourcecode.swift; path = SampleViewController.swift; sourceTree = "<group>"; };
		F3729DE522E87814002738FE /* UserViewLoginTableViewCell.swift */ = {isa = PBXFileReference; lastKnownFileType = sourcecode.swift; path = UserViewLoginTableViewCell.swift; sourceTree = "<group>"; };
		F37D6E4422F44CDA007E4D59 /* HomeThemeNetwork.swift */ = {isa = PBXFileReference; lastKnownFileType = sourcecode.swift; path = HomeThemeNetwork.swift; sourceTree = "<group>"; };
		F3919B1822D45FB00093DB24 /* HomeThemeTableViewCell.swift */ = {isa = PBXFileReference; lastKnownFileType = sourcecode.swift; path = HomeThemeTableViewCell.swift; sourceTree = "<group>"; };
		F3919B1A22D4A17B0093DB24 /* fakeData.swift */ = {isa = PBXFileReference; lastKnownFileType = sourcecode.swift; path = fakeData.swift; sourceTree = "<group>"; };
		F39B7F2A22F5CDDF00186E61 /* HomeThemeBigSale.swift */ = {isa = PBXFileReference; lastKnownFileType = sourcecode.swift; path = HomeThemeBigSale.swift; sourceTree = "<group>"; };
		F39B7F2C22F6E9A900186E61 /* HomeThemePartyRoom.swift */ = {isa = PBXFileReference; lastKnownFileType = sourcecode.swift; path = HomeThemePartyRoom.swift; sourceTree = "<group>"; };
		F39B7F2E22F6E9C100186E61 /* HomeThemeSwimmingPool.swift */ = {isa = PBXFileReference; lastKnownFileType = sourcecode.swift; path = HomeThemeSwimmingPool.swift; sourceTree = "<group>"; };
		F39B7F3022F6E9D500186E61 /* HomeThemeSpa.swift */ = {isa = PBXFileReference; lastKnownFileType = sourcecode.swift; path = HomeThemeSpa.swift; sourceTree = "<group>"; };
		F39C843422DC64C50024BBDB /* HomeThemeCollectionViewMenuBar.swift */ = {isa = PBXFileReference; lastKnownFileType = sourcecode.swift; path = HomeThemeCollectionViewMenuBar.swift; sourceTree = "<group>"; };
		F39C843622DC6A680024BBDB /* HomeThemeMenuCollectionCell.swift */ = {isa = PBXFileReference; lastKnownFileType = sourcecode.swift; path = HomeThemeMenuCollectionCell.swift; sourceTree = "<group>"; };
		F3B185D922D0812200B01C6C /* Yanolja.app */ = {isa = PBXFileReference; explicitFileType = wrapper.application; includeInIndex = 0; path = Yanolja.app; sourceTree = BUILT_PRODUCTS_DIR; };
		F3B185DC22D0812200B01C6C /* AppDelegate.swift */ = {isa = PBXFileReference; lastKnownFileType = sourcecode.swift; path = AppDelegate.swift; sourceTree = "<group>"; };
		F3B185DE22D0812200B01C6C /* RegionViewController.swift */ = {isa = PBXFileReference; lastKnownFileType = sourcecode.swift; path = RegionViewController.swift; sourceTree = "<group>"; };
		F3B185E422D0812200B01C6C /* Yanolja.xcdatamodel */ = {isa = PBXFileReference; lastKnownFileType = wrapper.xcdatamodel; path = Yanolja.xcdatamodel; sourceTree = "<group>"; };
		F3B185E622D0812300B01C6C /* Assets.xcassets */ = {isa = PBXFileReference; lastKnownFileType = folder.assetcatalog; path = Assets.xcassets; sourceTree = "<group>"; };
		F3B185E922D0812300B01C6C /* Base */ = {isa = PBXFileReference; lastKnownFileType = file.storyboard; name = Base; path = Base.lproj/LaunchScreen.storyboard; sourceTree = "<group>"; };
		F3B185EB22D0812300B01C6C /* Info.plist */ = {isa = PBXFileReference; lastKnownFileType = text.plist.xml; path = Info.plist; sourceTree = "<group>"; };
		F3B185F422D081B500B01C6C /* CustomTabBarController.swift */ = {isa = PBXFileReference; lastKnownFileType = sourcecode.swift; path = CustomTabBarController.swift; sourceTree = "<group>"; };
		F3B2A08E22F1976A003997AF /* MapViewController.swift */ = {isa = PBXFileReference; lastKnownFileType = sourcecode.swift; path = MapViewController.swift; sourceTree = "<group>"; };
		F3B2A09122F197D7003997AF /* MapSearchView.swift */ = {isa = PBXFileReference; lastKnownFileType = sourcecode.swift; path = MapSearchView.swift; sourceTree = "<group>"; };
		F3B2A09322F19945003997AF /* ConfirmButtonView.swift */ = {isa = PBXFileReference; lastKnownFileType = sourcecode.swift; path = ConfirmButtonView.swift; sourceTree = "<group>"; };
		F3C47F4B22F044D900E722D4 /* RegisterViewController.swift */ = {isa = PBXFileReference; lastKnownFileType = sourcecode.swift; path = RegisterViewController.swift; sourceTree = "<group>"; };
		F3C47F4D22F0452A00E722D4 /* RegisterSecondViewController.swift */ = {isa = PBXFileReference; lastKnownFileType = sourcecode.swift; path = RegisterSecondViewController.swift; sourceTree = "<group>"; };
		F3C8170F22D33294009CF7AC /* HomeThemeCollectionViewCell.swift */ = {isa = PBXFileReference; lastKnownFileType = sourcecode.swift; path = HomeThemeCollectionViewCell.swift; sourceTree = "<group>"; };
		F3C8171122D36DFE009CF7AC /* HomeTopButtonTableViewCell.swift */ = {isa = PBXFileReference; lastKnownFileType = sourcecode.swift; path = HomeTopButtonTableViewCell.swift; sourceTree = "<group>"; };
		F3D678FF22E1CAC90037F5F1 /* HomeThemeDiffTableViewCell.swift */ = {isa = PBXFileReference; lastKnownFileType = sourcecode.swift; path = HomeThemeDiffTableViewCell.swift; sourceTree = "<group>"; };
		F3DB557D22E6E89F002C3041 /* LoginViewController.swift */ = {isa = PBXFileReference; lastKnownFileType = sourcecode.swift; path = LoginViewController.swift; sourceTree = "<group>"; };
		F3DB558022E6EB29002C3041 /* LoginCollectionViewCell.swift */ = {isa = PBXFileReference; lastKnownFileType = sourcecode.swift; path = LoginCollectionViewCell.swift; sourceTree = "<group>"; };
		F3DB558222E6EB55002C3041 /* LoginMenuBar.swift */ = {isa = PBXFileReference; lastKnownFileType = sourcecode.swift; path = LoginMenuBar.swift; sourceTree = "<group>"; };
		F3DB558422E6EF25002C3041 /* LoginMenuCollectionViewCell.swift */ = {isa = PBXFileReference; lastKnownFileType = sourcecode.swift; path = LoginMenuCollectionViewCell.swift; sourceTree = "<group>"; };
		F3E20AD022FAA7F0002DF2D4 /* HomePopSecondTableViewCell.swift */ = {isa = PBXFileReference; lastKnownFileType = sourcecode.swift; path = HomePopSecondTableViewCell.swift; sourceTree = "<group>"; };
		F3E20AD222FAA8D0002DF2D4 /* LaunchViewController.swift */ = {isa = PBXFileReference; lastKnownFileType = sourcecode.swift; path = LaunchViewController.swift; sourceTree = "<group>"; };
		F3E2EA6722FA15FA0021239E /* HomeThemeSecondTableViewCell.swift */ = {isa = PBXFileReference; lastKnownFileType = sourcecode.swift; path = HomeThemeSecondTableViewCell.swift; sourceTree = "<group>"; };
		F3E2EA6922FA163F0021239E /* HomeThemeDiffSecondTableViewCell.swift */ = {isa = PBXFileReference; lastKnownFileType = sourcecode.swift; path = HomeThemeDiffSecondTableViewCell.swift; sourceTree = "<group>"; };
		F3E2EA6B22FA16BF0021239E /* HomePopDetailTableViewCell.swift */ = {isa = PBXFileReference; lastKnownFileType = sourcecode.swift; path = HomePopDetailTableViewCell.swift; sourceTree = "<group>"; };
		F3E2EA6D22FA16F20021239E /* HomeThemeSecondCollectionViewMenuBar.swift */ = {isa = PBXFileReference; lastKnownFileType = sourcecode.swift; path = HomeThemeSecondCollectionViewMenuBar.swift; sourceTree = "<group>"; };
		F3E2EA6F22FA18730021239E /* HomePopDetailViewController.swift */ = {isa = PBXFileReference; lastKnownFileType = sourcecode.swift; path = HomePopDetailViewController.swift; sourceTree = "<group>"; };
		F3E9655222F304B5002ECF1D /* CommonApiKey.swift */ = {isa = PBXFileReference; lastKnownFileType = sourcecode.swift; path = CommonApiKey.swift; sourceTree = "<group>"; };
/* End PBXFileReference section */

/* Begin PBXFrameworksBuildPhase section */
		F3B185D622D0812200B01C6C /* Frameworks */ = {
			isa = PBXFrameworksBuildPhase;
			buildActionMask = 2147483647;
			files = (
				50CBE63C1FF3C748318D450E /* Pods_Yanolja.framework in Frameworks */,
			);
			runOnlyForDeploymentPostprocessing = 0;
		};
/* End PBXFrameworksBuildPhase section */

/* Begin PBXGroup section */
		0F7FA9A02A835B7B9CF159A1 /* Frameworks */ = {
			isa = PBXGroup;
			children = (
				B7C57B8E575F631C018B5C4A /* Pods_Yanolja.framework */,
			);
			name = Frameworks;
			sourceTree = "<group>";
		};
		1C5E761756B6E6CC5E38E98A /* Pods */ = {
			isa = PBXGroup;
			children = (
				9FB5687E926CE1C03A35C8D8 /* Pods-Yanolja.debug.xcconfig */,
				C6825F77A4995BC74A42701C /* Pods-Yanolja.release.xcconfig */,
			);
			path = Pods;
			sourceTree = "<group>";
		};
		1F11FFAF2301AFDB00148BA3 /* FilterView */ = {
			isa = PBXGroup;
			children = (
				1F11FFAD2301ACF600148BA3 /* FilterViewController.swift */,
				1F11FFB62301B3AF00148BA3 /* FilterSortCell.swift */,
				1F11FFB82301B3D900148BA3 /* FilterThemeCell.swift */,
				1F11FFBA2301B40D00148BA3 /* FilterCharacteristicCell.swift */,
				1F11FFBC2301B42A00148BA3 /* FilterPriceCell.swift */,
				1F11FFBE2302385300148BA3 /* FilterThemeCollectionViewCell */,
			);
			path = FilterView;
			sourceTree = "<group>";
		};
		1F11FFBE2302385300148BA3 /* FilterThemeCollectionViewCell */ = {
			isa = PBXGroup;
			children = (
				1F11FFBF2302388900148BA3 /* FilterThemeCollectionViewCell.swift */,
			);
			path = FilterThemeCollectionViewCell;
			sourceTree = "<group>";
		};
		1F37D05222EFFBD6006D397A /* Network */ = {
			isa = PBXGroup;
			children = (
				1F37D05322F02F71006D397A /* NetworkRegister.swift */,
				614F66AF22F2910E007BDA03 /* NetworkStayList.swift */,
				1F37D07D22F7E9AF006D397A /* NetworkSerchList.swift */,
				F3E9655222F304B5002ECF1D /* CommonApiKey.swift */,
				F37D6E4422F44CDA007E4D59 /* HomeThemeNetwork.swift */,
				F364AE4022FC2FAF00665C4E /* MapNetwork.swift */,
			);
			path = Network;
			sourceTree = "<group>";
		};
		1F37D05C22F0671B006D397A /* ReservationView */ = {
			isa = PBXGroup;
			children = (
				1F37D05922F05AE7006D397A /* ReservationCollectionFirstViewCell.swift */,
				1F37D05D22F06789006D397A /* ReservationCollectionSecondViewCell.swift */,
				1F37D05F22F0679A006D397A /* ReservationCollectionThirdViewCell.swift */,
				1F37D06122F067A6006D397A /* ReservationCollectionForthViewCell.swift */,
			);
			path = ReservationView;
			sourceTree = "<group>";
		};
		1F37D08322F83ADD006D397A /* SearchView */ = {
			isa = PBXGroup;
			children = (
				1F37D08122F83ABF006D397A /* SearchDetailViewController.swift */,
				1F37D08622F9325B006D397A /* SearchDetailDefaultTableViewCell.swift */,
			);
			path = SearchView;
			sourceTree = "<group>";
		};
		1FB5C82322DDCF7C00044D94 /* FSCalendar */ = {
			isa = PBXGroup;
			children = (
				1FB5C82422DDCF7C00044D94 /* FSCalendarCollectionView.m */,
				1FB5C82522DDCF7C00044D94 /* FSCalendarWeekdayView.h */,
				1FB5C82622DDCF7C00044D94 /* FSCalendarCollectionViewLayout.h */,
				1FB5C82722DDCF7C00044D94 /* FSCalendarDelegationProxy.m */,
				1FB5C82822DDCF7C00044D94 /* FSCalendarExtensions.h */,
				1FB5C82922DDCF7C00044D94 /* FSCalendarDelegationFactory.m */,
				1FB5C82A22DDCF7C00044D94 /* FSCalendarSeparatorDecorationView.h */,
				1FB5C82B22DDCF7C00044D94 /* FSCalendarCalculator.h */,
				1FB5C82C22DDCF7C00044D94 /* FSCalendarHeaderView.h */,
				1FB5C82D22DDCF7C00044D94 /* FSCalendarConstants.h */,
				1FB5C82E22DDCF7C00044D94 /* FSCalendarAppearance.h */,
				1FB5C82F22DDCF7C00044D94 /* FSCalendarTransitionCoordinator.h */,
				1FB5C83022DDCF7C00044D94 /* FSCalendarCell.m */,
				1FB5C83122DDCF7C00044D94 /* FSCalendarStickyHeader.m */,
				1FB5C83222DDCF7C00044D94 /* FSCalendar.m */,
				1FB5C83322DDCF7C00044D94 /* FSCalendarCollectionViewLayout.m */,
				1FB5C83422DDCF7C00044D94 /* FSCalendarWeekdayView.m */,
				1FB5C83522DDCF7C00044D94 /* FSCalendarCollectionView.h */,
				1FB5C83622DDCF7C00044D94 /* FSCalendarDynamicHeader.h */,
				1FB5C83722DDCF7C00044D94 /* FSCalendarSeparatorDecorationView.m */,
				1FB5C83822DDCF7C00044D94 /* FSCalendarDelegationFactory.h */,
				1FB5C83922DDCF7C00044D94 /* FSCalendarExtensions.m */,
				1FB5C83A22DDCF7C00044D94 /* FSCalendarDelegationProxy.h */,
				1FB5C83B22DDCF7C00044D94 /* FSCalendarConstants.m */,
				1FB5C83C22DDCF7C00044D94 /* FSCalendarCalculator.m */,
				1FB5C83D22DDCF7C00044D94 /* FSCalendarHeaderView.m */,
				1FB5C83E22DDCF7C00044D94 /* FSCalendarStickyHeader.h */,
				1FB5C83F22DDCF7C00044D94 /* FSCalendar.h */,
				1FB5C84022DDCF7C00044D94 /* FSCalendarCell.h */,
				1FB5C84122DDCF7C00044D94 /* FSCalendarTransitionCoordinator.m */,
				1FB5C84222DDCF7C00044D94 /* Info.plist */,
				1FB5C84322DDCF7C00044D94 /* FSCalendarAppearance.m */,
				1FB5C85422DDCFBE00044D94 /* Objc-Bridge-Header.h */,
			);
			path = FSCalendar;
			sourceTree = "<group>";
		};
		1FD3A47822EB198600417F1C /* NumberOfPeopleCollectionViewCell */ = {
			isa = PBXGroup;
			children = (
				1FD3A47922EB19CD00417F1C /* NumberOfPeopleCollectionViewCell.swift */,
			);
			path = NumberOfPeopleCollectionViewCell;
			sourceTree = "<group>";
		};
		6104239322DAE49C0087E719 /* SearchView */ = {
			isa = PBXGroup;
			children = (
				6104239622DAE4EF0087E719 /* searchStruct.swift */,
				1FB5C89C22E0E29100044D94 /* RecentlyCustomCell.swift */,
				1FB5C89E22E0EA4B00044D94 /* DefaultCell.swift */,
				1FB5A8B322DC5A9D009057F4 /* RecentlyCell.swift */,
				1FB5A8B522DC5AA5009057F4 /* RecentlyCell.xib */,
				1FB5A8BB22DC5ABA009057F4 /* RecommendView.swift */,
			);
			path = SearchView;
			sourceTree = "<group>";
		};
		610423C922DE44CE0087E719 /* Extension */ = {
			isa = PBXGroup;
			children = (
				610423CC22DE49490087E719 /* ListMenuBar */,
				610423D522DE4C100087E719 /* reusableIdentifier.swift */,
				610423DF22DE61C00087E719 /* Protocol.swift */,
				61F91F1E22E6C4320090ED8F /* CALayerBorder.swift */,
				1F37D07F22F7EF2B006D397A /* ImageView.swift */,
			);
			path = Extension;
			sourceTree = "<group>";
		};
		610423CC22DE49490087E719 /* ListMenuBar */ = {
			isa = PBXGroup;
			children = (
				610423CE22DE4A070087E719 /* View */,
				610423CD22DE49FB0087E719 /* Cell */,
			);
			path = ListMenuBar;
			sourceTree = "<group>";
		};
		610423CD22DE49FB0087E719 /* Cell */ = {
			isa = PBXGroup;
			children = (
				61CDB9F522E0436400C6C21B /* DefaultCollectionViewCell.swift */,
				610423CA22DE44EB0087E719 /* CustomCollectionViewCell.swift */,
				610423D122DE4AA20087E719 /* CustomMenuBar.swift */,
				610423DB22DE61270087E719 /* CustomMenuCell.swift */,
			);
			path = Cell;
			sourceTree = "<group>";
		};
		610423CE22DE4A070087E719 /* View */ = {
			isa = PBXGroup;
			children = (
				610423CF22DE4A210087E719 /* ListCollectionView.swift */,
			);
			path = View;
			sourceTree = "<group>";
		};
		6107A7E822EF77B6008BEF7A /* Custom */ = {
			isa = PBXGroup;
			children = (
				6107A7E922EF77D5008BEF7A /* StretchyHeaderLayout.swift */,
			);
			path = Custom;
			sourceTree = "<group>";
		};
		6107A7EB22EFA9DE008BEF7A /* RoomList */ = {
			isa = PBXGroup;
			children = (
				6107A7F022F0087D008BEF7A /* RoomListTableViewCell.swift */,
			);
			path = RoomList;
			sourceTree = "<group>";
		};
		6107A7EE22EFAA46008BEF7A /* ImageList */ = {
			isa = PBXGroup;
			children = (
				61F91F2122E6FCC40090ED8F /* DetailImageCollectionViewCell.swift */,
				6107A7E622EEDD61008BEF7A /* ImageCollectionView.swift */,
			);
			path = ImageList;
			sourceTree = "<group>";
		};
		6107A7EF22EFAA5D008BEF7A /* StayInfoView */ = {
			isa = PBXGroup;
			children = (
				61F91F2722EAD6A00090ED8F /* StayRoomListTableViewCell.swift */,
				614F669622F16C65007BDA03 /* StayRoomInfoTableViewCell.swift */,
				614F669822F182E6007BDA03 /* StayRoomEventTableViewCell.swift */,
				614F669A22F1909C007BDA03 /* ConvenienceTableViewCell.swift */,
				614F669C22F1A752007BDA03 /* FacilitiesCollectionViewCell.swift */,
				614F669E22F1B5F4007BDA03 /* IntroduceStayTableViewCell.swift */,
				614F66A022F1EF67007BDA03 /* ServiceNoticeTableViewCell.swift */,
				614F66B722F2F053007BDA03 /* MapTableViewCell.swift */,
			);
			path = StayInfoView;
			sourceTree = "<group>";
		};
		614F66A422F1F6F8007BDA03 /* DetailRoomView */ = {
			isa = PBXGroup;
			children = (
				614F66A522F1F976007BDA03 /* RoomInfoTableViewCell.swift */,
				614F66A722F201C1007BDA03 /* DetailRoomImageTableViewCell.swift */,
				614F66A922F2065A007BDA03 /* DetailRoomImageCollectionViewCell.swift */,
				614F66AB22F248B3007BDA03 /* CheckInOutTableViewCell.swift */,
				614F66AD22F24AF8007BDA03 /* ReservationButtonviewTableViewCell.swift */,
				614F66B322F2CDE7007BDA03 /* ReservationNoticeTableViewCell.swift */,
			);
			path = DetailRoomView;
			sourceTree = "<group>";
		};
		614FD46822F894F900572FC0 /* Detail */ = {
			isa = PBXGroup;
			children = (
				614F66B122F29967007BDA03 /* StayListModel.swift */,
				614FD46922F8951100572FC0 /* StayDetailModel.swift */,
			);
			path = Detail;
			sourceTree = "<group>";
		};
		61E72F0222D31CF3001B8A59 /* MyLocation */ = {
			isa = PBXGroup;
			children = (
				61E72F0522D31D49001B8A59 /* TopNaviView.swift */,
				6104239A22DC65FB0087E719 /* MotelTableViewCell.swift */,
				6104239C22DC78CC0087E719 /* HotelTableViewCell.swift */,
			);
			path = MyLocation;
			sourceTree = "<group>";
		};
		61F91F2022E6FCA40090ED8F /* DetailView */ = {
			isa = PBXGroup;
			children = (
				614F66A422F1F6F8007BDA03 /* DetailRoomView */,
				6107A7EF22EFAA5D008BEF7A /* StayInfoView */,
				6107A7EE22EFAA46008BEF7A /* ImageList */,
				6107A7EB22EFA9DE008BEF7A /* RoomList */,
			);
			path = DetailView;
			sourceTree = "<group>";
		};
		F339FE0122DF275A003D5F71 /* HomePopCollectionCell */ = {
			isa = PBXGroup;
			children = (
				F339FDFF22DF1CFC003D5F71 /* HomePopCollectionViewCell.swift */,
			);
			path = HomePopCollectionCell;
			sourceTree = "<group>";
		};
		F3729DE722E8781A002738FE /* UserView */ = {
			isa = PBXGroup;
			children = (
				F3729DE522E87814002738FE /* UserViewLoginTableViewCell.swift */,
				F3535EC722E8E48F00EDA352 /* UserViewLoginStampTableViewCell.swift */,
				F364AE4222FC6A0B00665C4E /* UserViewAfterLoginTableViewCell.swift */,
			);
			path = UserView;
			sourceTree = "<group>";
		};
		F385B31922D5A82200F3B35E /* HomeView */ = {
			isa = PBXGroup;
			children = (
				F3C8171122D36DFE009CF7AC /* HomeTopButtonTableViewCell.swift */,
				F3919B1822D45FB00093DB24 /* HomeThemeTableViewCell.swift */,
				F3E2EA6722FA15FA0021239E /* HomeThemeSecondTableViewCell.swift */,
				F3D678FF22E1CAC90037F5F1 /* HomeThemeDiffTableViewCell.swift */,
				F3E2EA6922FA163F0021239E /* HomeThemeDiffSecondTableViewCell.swift */,
				F313EEED22E5793000880ACD /* HomePopWordsTableViewCell.swift */,
				F339FDFD22DF13A2003D5F71 /* HomePopTableViewCell.swift */,
				F3E20AD022FAA7F0002DF2D4 /* HomePopSecondTableViewCell.swift */,
				F3E2EA6B22FA16BF0021239E /* HomePopDetailTableViewCell.swift */,
				F385B31A22D5AA5300F3B35E /* HomeThemeCollectionCell */,
				F339FE0122DF275A003D5F71 /* HomePopCollectionCell */,
			);
			path = HomeView;
			sourceTree = "<group>";
		};
		F385B31A22D5AA5300F3B35E /* HomeThemeCollectionCell */ = {
			isa = PBXGroup;
			children = (
				F39C843422DC64C50024BBDB /* HomeThemeCollectionViewMenuBar.swift */,
				F3E2EA6D22FA16F20021239E /* HomeThemeSecondCollectionViewMenuBar.swift */,
				F39C843622DC6A680024BBDB /* HomeThemeMenuCollectionCell.swift */,
				F3C8170F22D33294009CF7AC /* HomeThemeCollectionViewCell.swift */,
				F31F334622DDC679003A2C06 /* HomeThemeButton.swift */,
			);
			path = HomeThemeCollectionCell;
			sourceTree = "<group>";
		};
		F39B7F2922F5C85100186E61 /* HomeTheme */ = {
			isa = PBXGroup;
			children = (
				F39B7F2A22F5CDDF00186E61 /* HomeThemeBigSale.swift */,
				F39B7F2C22F6E9A900186E61 /* HomeThemePartyRoom.swift */,
				F39B7F2E22F6E9C100186E61 /* HomeThemeSwimmingPool.swift */,
				F39B7F3022F6E9D500186E61 /* HomeThemeSpa.swift */,
				F344C03A22F8C31E00D41442 /* HomeThemeGroup.swift */,
			);
			path = HomeTheme;
			sourceTree = "<group>";
		};
		F3B185D022D0812200B01C6C = {
			isa = PBXGroup;
			children = (
				F3B185DB22D0812200B01C6C /* Yanolja */,
				F3B185DA22D0812200B01C6C /* Products */,
				1C5E761756B6E6CC5E38E98A /* Pods */,
				0F7FA9A02A835B7B9CF159A1 /* Frameworks */,
			);
			sourceTree = "<group>";
		};
		F3B185DA22D0812200B01C6C /* Products */ = {
			isa = PBXGroup;
			children = (
				F3B185D922D0812200B01C6C /* Yanolja.app */,
			);
			name = Products;
			sourceTree = "<group>";
		};
		F3B185DB22D0812200B01C6C /* Yanolja */ = {
			isa = PBXGroup;
			children = (
				F36B942422E9CDC0002E999A /* SampleViewController.swift */,
				F3B185DC22D0812200B01C6C /* AppDelegate.swift */,
				1F37D05222EFFBD6006D397A /* Network */,
				6107A7E822EF77B6008BEF7A /* Custom */,
				610423C922DE44CE0087E719 /* Extension */,
				F3B185F322D0814000B01C6C /* Model */,
				F3B185F222D0813A00B01C6C /* View */,
				F3B185F122D0812D00B01C6C /* Controller */,
				F3B185E622D0812300B01C6C /* Assets.xcassets */,
				F3B185E822D0812300B01C6C /* LaunchScreen.storyboard */,
				F3B185EB22D0812300B01C6C /* Info.plist */,
				F3B185E322D0812200B01C6C /* Yanolja.xcdatamodeld */,
				1FB5C82322DDCF7C00044D94 /* FSCalendar */,
			);
			path = Yanolja;
			sourceTree = "<group>";
		};
		F3B185F122D0812D00B01C6C /* Controller */ = {
			isa = PBXGroup;
			children = (
				1F11FFAF2301AFDB00148BA3 /* FilterView */,
				1F37D08322F83ADD006D397A /* SearchView */,
				F3C47F4822F0441200E722D4 /* Common */,
				F3C47F4422F0437A00E722D4 /* HomeView */,
				F3C47F4622F0439A00E722D4 /* RegionView */,
				F3C47F4522F0439000E722D4 /* MyLocationView */,
				F3C47F4722F043B100E722D4 /* UserView */,
			);
			path = Controller;
			sourceTree = "<group>";
		};
		F3B185F222D0813A00B01C6C /* View */ = {
			isa = PBXGroup;
			children = (
				F3B2A09022F19797003997AF /* MapView */,
				1F37D05C22F0671B006D397A /* ReservationView */,
				1FD3A47822EB198600417F1C /* NumberOfPeopleCollectionViewCell */,
				61F91F2022E6FCA40090ED8F /* DetailView */,
				6104239322DAE49C0087E719 /* SearchView */,
				F385B31922D5A82200F3B35E /* HomeView */,
				61E72F0222D31CF3001B8A59 /* MyLocation */,
				F3DB557F22E6EA5C002C3041 /* LoginView */,
				F3729DE722E8781A002738FE /* UserView */,
			);
			path = View;
			sourceTree = "<group>";
		};
		F3B185F322D0814000B01C6C /* Model */ = {
			isa = PBXGroup;
			children = (
				614FD46822F894F900572FC0 /* Detail */,
				F39B7F2922F5C85100186E61 /* HomeTheme */,
				F3919B1A22D4A17B0093DB24 /* fakeData.swift */,
				F339FDFB22DEFF86003D5F71 /* MenuTitles.swift */,
				1FB5C8A022E19A1500044D94 /* regionData.swift */,
				1FD3A45622E58D7E00417F1C /* fakeSingleTon.swift */,
			);
			path = Model;
			sourceTree = "<group>";
		};
		F3B2A09022F19797003997AF /* MapView */ = {
			isa = PBXGroup;
			children = (
				F3B2A09122F197D7003997AF /* MapSearchView.swift */,
				F3B2A09322F19945003997AF /* ConfirmButtonView.swift */,
			);
			path = MapView;
			sourceTree = "<group>";
		};
		F3C47F4422F0437A00E722D4 /* HomeView */ = {
			isa = PBXGroup;
			children = (
				F33F27BE22D0AA10000656DD /* HomeViewController.swift */,
				F3E2EA6F22FA18730021239E /* HomePopDetailViewController.swift */,
				1F11FF5323013DDE00148BA3 /* HomeCategoryViewController.swift */,
			);
			path = HomeView;
			sourceTree = "<group>";
		};
		F3C47F4522F0439000E722D4 /* MyLocationView */ = {
			isa = PBXGroup;
			children = (
				F33F27C022D0AA6F000656DD /* MyLocationViewController.swift */,
				61CDB9F722E1954900C6C21B /* DetailViewController.swift */,
				1F37D05722F054B8006D397A /* ReservationViewController.swift */,
				614F66A222F1F413007BDA03 /* RoomDetailViewController.swift */,
			);
			path = MyLocationView;
			sourceTree = "<group>";
		};
		F3C47F4622F0439A00E722D4 /* RegionView */ = {
			isa = PBXGroup;
			children = (
				F3B185DE22D0812200B01C6C /* RegionViewController.swift */,
				1F11FF2B22FA73A600148BA3 /* RegionDetailViewController.swift */,
			);
			path = RegionView;
			sourceTree = "<group>";
		};
		F3C47F4722F043B100E722D4 /* UserView */ = {
			isa = PBXGroup;
			children = (
				F33F27C222D0AA7C000656DD /* UserViewController.swift */,
				F3C47F4922F0448F00E722D4 /* LoginView */,
			);
			path = UserView;
			sourceTree = "<group>";
		};
		F3C47F4822F0441200E722D4 /* Common */ = {
			isa = PBXGroup;
			children = (
				F3B185F422D081B500B01C6C /* CustomTabBarController.swift */,
				6104239122DAE4750087E719 /* SearchViewController.swift */,
				6104239822DAE5350087E719 /* KeyWordViewController.swift */,
				1FD3A45822E8865600417F1C /* NumberOfPeopleViewController.swift */,
				1FB5C85522DDD0C300044D94 /* CalendarViewController.swift */,
				F3B2A08E22F1976A003997AF /* MapViewController.swift */,
				6179322822F42BC900B2AE13 /* ParsingTimeViewController.swift */,
				F3E20AD222FAA8D0002DF2D4 /* LaunchViewController.swift */,
			);
			path = Common;
			sourceTree = "<group>";
		};
		F3C47F4922F0448F00E722D4 /* LoginView */ = {
			isa = PBXGroup;
			children = (
				F3DB557D22E6E89F002C3041 /* LoginViewController.swift */,
				F3C47F4A22F044AE00E722D4 /* RegisterView */,
			);
			path = LoginView;
			sourceTree = "<group>";
		};
		F3C47F4A22F044AE00E722D4 /* RegisterView */ = {
			isa = PBXGroup;
			children = (
				F3C47F4B22F044D900E722D4 /* RegisterViewController.swift */,
				F3C47F4D22F0452A00E722D4 /* RegisterSecondViewController.swift */,
			);
			path = RegisterView;
			sourceTree = "<group>";
		};
		F3DB557F22E6EA5C002C3041 /* LoginView */ = {
			isa = PBXGroup;
			children = (
				F3DB558222E6EB55002C3041 /* LoginMenuBar.swift */,
				F3DB558422E6EF25002C3041 /* LoginMenuCollectionViewCell.swift */,
				F3DB558022E6EB29002C3041 /* LoginCollectionViewCell.swift */,
				F3144F9B22E772BF00F72E6D /* LoginEasyCollectionViewCell.swift */,
			);
			path = LoginView;
			sourceTree = "<group>";
		};
/* End PBXGroup section */

/* Begin PBXNativeTarget section */
		F3B185D822D0812200B01C6C /* Yanolja */ = {
			isa = PBXNativeTarget;
			buildConfigurationList = F3B185EE22D0812300B01C6C /* Build configuration list for PBXNativeTarget "Yanolja" */;
			buildPhases = (
				DFC53459743E256A87E37EC4 /* [CP] Check Pods Manifest.lock */,
				F3B185D522D0812200B01C6C /* Sources */,
				F3B185D622D0812200B01C6C /* Frameworks */,
				F3B185D722D0812200B01C6C /* Resources */,
				6B0BC8FF40F6F6AAE7D41EB4 /* [CP] Copy Pods Resources */,
				8854B6475E0B3A7182131F85 /* [CP] Embed Pods Frameworks */,
			);
			buildRules = (
			);
			dependencies = (
			);
			name = Yanolja;
			productName = Yanolja;
			productReference = F3B185D922D0812200B01C6C /* Yanolja.app */;
			productType = "com.apple.product-type.application";
		};
/* End PBXNativeTarget section */

/* Begin PBXProject section */
		F3B185D122D0812200B01C6C /* Project object */ = {
			isa = PBXProject;
			attributes = {
				LastSwiftUpdateCheck = 1020;
				LastUpgradeCheck = 1020;
				ORGANIZATIONNAME = "Chunsu Kim";
				TargetAttributes = {
					F3B185D822D0812200B01C6C = {
						CreatedOnToolsVersion = 10.2.1;
					};
				};
			};
			buildConfigurationList = F3B185D422D0812200B01C6C /* Build configuration list for PBXProject "Yanolja" */;
			compatibilityVersion = "Xcode 9.3";
			developmentRegion = en;
			hasScannedForEncodings = 0;
			knownRegions = (
				en,
				Base,
			);
			mainGroup = F3B185D022D0812200B01C6C;
			productRefGroup = F3B185DA22D0812200B01C6C /* Products */;
			projectDirPath = "";
			projectRoot = "";
			targets = (
				F3B185D822D0812200B01C6C /* Yanolja */,
			);
		};
/* End PBXProject section */

/* Begin PBXResourcesBuildPhase section */
		F3B185D722D0812200B01C6C /* Resources */ = {
			isa = PBXResourcesBuildPhase;
			buildActionMask = 2147483647;
			files = (
				F3B185EA22D0812300B01C6C /* LaunchScreen.storyboard in Resources */,
				F3B185E722D0812300B01C6C /* Assets.xcassets in Resources */,
				1FB5A8B622DC5AA5009057F4 /* RecentlyCell.xib in Resources */,
			);
			runOnlyForDeploymentPostprocessing = 0;
		};
/* End PBXResourcesBuildPhase section */

/* Begin PBXShellScriptBuildPhase section */
		6B0BC8FF40F6F6AAE7D41EB4 /* [CP] Copy Pods Resources */ = {
			isa = PBXShellScriptBuildPhase;
			buildActionMask = 2147483647;
			files = (
			);
			inputFileListPaths = (
				"${PODS_ROOT}/Target Support Files/Pods-Yanolja/Pods-Yanolja-resources-${CONFIGURATION}-input-files.xcfilelist",
			);
			name = "[CP] Copy Pods Resources";
			outputFileListPaths = (
				"${PODS_ROOT}/Target Support Files/Pods-Yanolja/Pods-Yanolja-resources-${CONFIGURATION}-output-files.xcfilelist",
			);
			runOnlyForDeploymentPostprocessing = 0;
			shellPath = /bin/sh;
			shellScript = "\"${PODS_ROOT}/Target Support Files/Pods-Yanolja/Pods-Yanolja-resources.sh\"\n";
			showEnvVarsInLog = 0;
		};
		8854B6475E0B3A7182131F85 /* [CP] Embed Pods Frameworks */ = {
			isa = PBXShellScriptBuildPhase;
			buildActionMask = 2147483647;
			files = (
			);
			inputFileListPaths = (
				"${PODS_ROOT}/Target Support Files/Pods-Yanolja/Pods-Yanolja-frameworks-${CONFIGURATION}-input-files.xcfilelist",
			);
			name = "[CP] Embed Pods Frameworks";
			outputFileListPaths = (
				"${PODS_ROOT}/Target Support Files/Pods-Yanolja/Pods-Yanolja-frameworks-${CONFIGURATION}-output-files.xcfilelist",
			);
			runOnlyForDeploymentPostprocessing = 0;
			shellPath = /bin/sh;
			shellScript = "\"${PODS_ROOT}/Target Support Files/Pods-Yanolja/Pods-Yanolja-frameworks.sh\"\n";
			showEnvVarsInLog = 0;
		};
		DFC53459743E256A87E37EC4 /* [CP] Check Pods Manifest.lock */ = {
			isa = PBXShellScriptBuildPhase;
			buildActionMask = 2147483647;
			files = (
			);
			inputFileListPaths = (
			);
			inputPaths = (
				"${PODS_PODFILE_DIR_PATH}/Podfile.lock",
				"${PODS_ROOT}/Manifest.lock",
			);
			name = "[CP] Check Pods Manifest.lock";
			outputFileListPaths = (
			);
			outputPaths = (
				"$(DERIVED_FILE_DIR)/Pods-Yanolja-checkManifestLockResult.txt",
			);
			runOnlyForDeploymentPostprocessing = 0;
			shellPath = /bin/sh;
			shellScript = "diff \"${PODS_PODFILE_DIR_PATH}/Podfile.lock\" \"${PODS_ROOT}/Manifest.lock\" > /dev/null\nif [ $? != 0 ] ; then\n    # print error to STDERR\n    echo \"error: The sandbox is not in sync with the Podfile.lock. Run 'pod install' or update your CocoaPods installation.\" >&2\n    exit 1\nfi\n# This output is used by Xcode 'outputs' to avoid re-running this script phase.\necho \"SUCCESS\" > \"${SCRIPT_OUTPUT_FILE_0}\"\n";
			showEnvVarsInLog = 0;
		};
/* End PBXShellScriptBuildPhase section */

/* Begin PBXSourcesBuildPhase section */
		F3B185D522D0812200B01C6C /* Sources */ = {
			isa = PBXSourcesBuildPhase;
			buildActionMask = 2147483647;
			files = (
				1FB5C84E22DDCF7C00044D94 /* FSCalendarConstants.m in Sources */,
				61F91F2222E6FCC40090ED8F /* DetailImageCollectionViewCell.swift in Sources */,
				614F669D22F1A752007BDA03 /* FacilitiesCollectionViewCell.swift in Sources */,
				F33F27C322D0AA7C000656DD /* UserViewController.swift in Sources */,
				61F91F2822EAD6A00090ED8F /* StayRoomListTableViewCell.swift in Sources */,
				F33F27BF22D0AA10000656DD /* HomeViewController.swift in Sources */,
				1FB5C84A22DDCF7C00044D94 /* FSCalendarCollectionViewLayout.m in Sources */,
				1F37D06022F0679A006D397A /* ReservationCollectionThirdViewCell.swift in Sources */,
				1F37D07E22F7E9AF006D397A /* NetworkSerchList.swift in Sources */,
				614F66AA22F2065A007BDA03 /* DetailRoomImageCollectionViewCell.swift in Sources */,
				1FB5C84922DDCF7C00044D94 /* FSCalendar.m in Sources */,
				F3E20AD322FAA8D0002DF2D4 /* LaunchViewController.swift in Sources */,
				1F37D05E22F06789006D397A /* ReservationCollectionSecondViewCell.swift in Sources */,
				6104239722DAE4EF0087E719 /* searchStruct.swift in Sources */,
				6104239D22DC78CC0087E719 /* HotelTableViewCell.swift in Sources */,
				1FB5A8BC22DC5ABA009057F4 /* RecommendView.swift in Sources */,
				1FB5C84B22DDCF7C00044D94 /* FSCalendarWeekdayView.m in Sources */,
				F3729DE622E87814002738FE /* UserViewLoginTableViewCell.swift in Sources */,
				F3919B1B22D4A17B0093DB24 /* fakeData.swift in Sources */,
				F3E9655322F304B5002ECF1D /* CommonApiKey.swift in Sources */,
				F3E2EA6A22FA163F0021239E /* HomeThemeDiffSecondTableViewCell.swift in Sources */,
				610423E022DE61C00087E719 /* Protocol.swift in Sources */,
				F39B7F2F22F6E9C100186E61 /* HomeThemeSwimmingPool.swift in Sources */,
				1F37D05822F054B8006D397A /* ReservationViewController.swift in Sources */,
				1FB5C84822DDCF7C00044D94 /* FSCalendarStickyHeader.m in Sources */,
				1FB5C84F22DDCF7C00044D94 /* FSCalendarCalculator.m in Sources */,
				614F66AC22F248B3007BDA03 /* CheckInOutTableViewCell.swift in Sources */,
				F364AE4122FC2FAF00665C4E /* MapNetwork.swift in Sources */,
				1FB5C85322DDCF7C00044D94 /* FSCalendarAppearance.m in Sources */,
				6107A7EA22EF77D5008BEF7A /* StretchyHeaderLayout.swift in Sources */,
				F3B2A08F22F1976A003997AF /* MapViewController.swift in Sources */,
				F3B185E522D0812200B01C6C /* Yanolja.xcdatamodeld in Sources */,
				F3DB558522E6EF25002C3041 /* LoginMenuCollectionViewCell.swift in Sources */,
				1FB5C84622DDCF7C00044D94 /* FSCalendarDelegationFactory.m in Sources */,
				F3E2EA6C22FA16BF0021239E /* HomePopDetailTableViewCell.swift in Sources */,
				614F66B222F29967007BDA03 /* StayListModel.swift in Sources */,
				1FB5C84D22DDCF7C00044D94 /* FSCalendarExtensions.m in Sources */,
				1FD3A45922E8865600417F1C /* NumberOfPeopleViewController.swift in Sources */,
				610423D022DE4A210087E719 /* ListCollectionView.swift in Sources */,
				F3B185DF22D0812200B01C6C /* RegionViewController.swift in Sources */,
				F339FDFE22DF13A2003D5F71 /* HomePopTableViewCell.swift in Sources */,
				F39B7F2B22F5CDDF00186E61 /* HomeThemeBigSale.swift in Sources */,
				F3DB558122E6EB29002C3041 /* LoginCollectionViewCell.swift in Sources */,
				614F669722F16C65007BDA03 /* StayRoomInfoTableViewCell.swift in Sources */,
				1FB5C84522DDCF7C00044D94 /* FSCalendarDelegationProxy.m in Sources */,
				614FD46A22F8951100572FC0 /* StayDetailModel.swift in Sources */,
				F339FDFC22DEFF86003D5F71 /* MenuTitles.swift in Sources */,
				F3C8171222D36DFE009CF7AC /* HomeTopButtonTableViewCell.swift in Sources */,
				F3B185F522D081B500B01C6C /* CustomTabBarController.swift in Sources */,
				61E72F0622D31D49001B8A59 /* TopNaviView.swift in Sources */,
				1F11FF5423013DDE00148BA3 /* HomeCategoryViewController.swift in Sources */,
				F3E20AD122FAA7F0002DF2D4 /* HomePopSecondTableViewCell.swift in Sources */,
				614F66B422F2CDE7007BDA03 /* ReservationNoticeTableViewCell.swift in Sources */,
				614F66A622F1F976007BDA03 /* RoomInfoTableViewCell.swift in Sources */,
				1F37D05A22F05AE7006D397A /* ReservationCollectionFirstViewCell.swift in Sources */,
				6104239222DAE4750087E719 /* SearchViewController.swift in Sources */,
				1FD3A47A22EB19CD00417F1C /* NumberOfPeopleCollectionViewCell.swift in Sources */,
				1FB5C84722DDCF7C00044D94 /* FSCalendarCell.m in Sources */,
				6107A7F122F0087D008BEF7A /* RoomListTableViewCell.swift in Sources */,
				1FB5C85622DDD0C300044D94 /* CalendarViewController.swift in Sources */,
				6104239922DAE5350087E719 /* KeyWordViewController.swift in Sources */,
				F3144F9C22E772BF00F72E6D /* LoginEasyCollectionViewCell.swift in Sources */,
				F33F27C122D0AA6F000656DD /* MyLocationViewController.swift in Sources */,
				610423CB22DE44EB0087E719 /* CustomCollectionViewCell.swift in Sources */,
				F364AE4322FC6A0B00665C4E /* UserViewAfterLoginTableViewCell.swift in Sources */,
				1FB5C89D22E0E29100044D94 /* RecentlyCustomCell.swift in Sources */,
				614F669922F182E6007BDA03 /* StayRoomEventTableViewCell.swift in Sources */,
				1F37D05422F02F71006D397A /* NetworkRegister.swift in Sources */,
				F36B942522E9CDC0002E999A /* SampleViewController.swift in Sources */,
				614F66A122F1EF67007BDA03 /* ServiceNoticeTableViewCell.swift in Sources */,
				1FB5C84C22DDCF7C00044D94 /* FSCalendarSeparatorDecorationView.m in Sources */,
				614F66B022F2910E007BDA03 /* NetworkStayList.swift in Sources */,
				F313EEEE22E5793000880ACD /* HomePopWordsTableViewCell.swift in Sources */,
				610423DC22DE61270087E719 /* CustomMenuCell.swift in Sources */,
				F37D6E4522F44CDA007E4D59 /* HomeThemeNetwork.swift in Sources */,
				6107A7E722EEDD61008BEF7A /* ImageCollectionView.swift in Sources */,
				F39C843522DC64C50024BBDB /* HomeThemeCollectionViewMenuBar.swift in Sources */,
				1FD3A45722E58D7E00417F1C /* fakeSingleTon.swift in Sources */,
				614F66A822F201C1007BDA03 /* DetailRoomImageTableViewCell.swift in Sources */,
				F31F334722DDC679003A2C06 /* HomeThemeButton.swift in Sources */,
				1F11FFBB2301B40D00148BA3 /* FilterCharacteristicCell.swift in Sources */,
				F3DB558322E6EB55002C3041 /* LoginMenuBar.swift in Sources */,
				614F669F22F1B5F4007BDA03 /* IntroduceStayTableViewCell.swift in Sources */,
				614F669B22F1909C007BDA03 /* ConvenienceTableViewCell.swift in Sources */,
				6104239B22DC65FB0087E719 /* MotelTableViewCell.swift in Sources */,
				F3B185DD22D0812200B01C6C /* AppDelegate.swift in Sources */,
				61CDB9F822E1954900C6C21B /* DetailViewController.swift in Sources */,
				F3DB557E22E6E89F002C3041 /* LoginViewController.swift in Sources */,
				1F37D08722F9325B006D397A /* SearchDetailDefaultTableViewCell.swift in Sources */,
				1F37D06222F067A6006D397A /* ReservationCollectionForthViewCell.swift in Sources */,
				1F11FF2C22FA73A600148BA3 /* RegionDetailViewController.swift in Sources */,
				6179322922F42BC900B2AE13 /* ParsingTimeViewController.swift in Sources */,
				1FB5C84422DDCF7C00044D94 /* FSCalendarCollectionView.m in Sources */,
				F3E2EA7022FA18730021239E /* HomePopDetailViewController.swift in Sources */,
				610423D622DE4C100087E719 /* reusableIdentifier.swift in Sources */,
				F3C8171022D33294009CF7AC /* HomeThemeCollectionViewCell.swift in Sources */,
				F344C03B22F8C31E00D41442 /* HomeThemeGroup.swift in Sources */,
				F3C47F4E22F0452A00E722D4 /* RegisterSecondViewController.swift in Sources */,
				1F11FFB72301B3AF00148BA3 /* FilterSortCell.swift in Sources */,
				F3E2EA6822FA15FA0021239E /* HomeThemeSecondTableViewCell.swift in Sources */,
				F39C843722DC6A680024BBDB /* HomeThemeMenuCollectionCell.swift in Sources */,
				1F11FFB92301B3D900148BA3 /* FilterThemeCell.swift in Sources */,
				1F11FFAE2301ACF600148BA3 /* FilterViewController.swift in Sources */,
				F39B7F2D22F6E9A900186E61 /* HomeThemePartyRoom.swift in Sources */,
				614F66AE22F24AF8007BDA03 /* ReservationButtonviewTableViewCell.swift in Sources */,
				F39B7F3122F6E9D500186E61 /* HomeThemeSpa.swift in Sources */,
				1FB5A8B422DC5A9E009057F4 /* RecentlyCell.swift in Sources */,
				614F66B822F2F053007BDA03 /* MapTableViewCell.swift in Sources */,
				61CDB9F622E0436400C6C21B /* DefaultCollectionViewCell.swift in Sources */,
				F339FE0022DF1CFC003D5F71 /* HomePopCollectionViewCell.swift in Sources */,
				1F11FFC02302388900148BA3 /* FilterThemeCollectionViewCell.swift in Sources */,
				F3E2EA6E22FA16F20021239E /* HomeThemeSecondCollectionViewMenuBar.swift in Sources */,
				61F91F1F22E6C4320090ED8F /* CALayerBorder.swift in Sources */,
				F3C47F4C22F044D900E722D4 /* RegisterViewController.swift in Sources */,
				610423D222DE4AA20087E719 /* CustomMenuBar.swift in Sources */,
				F3B2A09422F19945003997AF /* ConfirmButtonView.swift in Sources */,
				F3535EC822E8E48F00EDA352 /* UserViewLoginStampTableViewCell.swift in Sources */,
				1FB5C85122DDCF7C00044D94 /* FSCalendarTransitionCoordinator.m in Sources */,
				F3D6790022E1CAC90037F5F1 /* HomeThemeDiffTableViewCell.swift in Sources */,
				614F66A322F1F413007BDA03 /* RoomDetailViewController.swift in Sources */,
				1F37D08022F7EF2B006D397A /* ImageView.swift in Sources */,
				1F11FFBD2301B42A00148BA3 /* FilterPriceCell.swift in Sources */,
				1FB5C8A122E19A1500044D94 /* regionData.swift in Sources */,
				1FB5C89F22E0EA4B00044D94 /* DefaultCell.swift in Sources */,
				F3B2A09222F197D7003997AF /* MapSearchView.swift in Sources */,
				F3919B1922D45FB00093DB24 /* HomeThemeTableViewCell.swift in Sources */,
				1F37D08222F83ABF006D397A /* SearchDetailViewController.swift in Sources */,
				1FB5C85022DDCF7C00044D94 /* FSCalendarHeaderView.m in Sources */,
			);
			runOnlyForDeploymentPostprocessing = 0;
		};
/* End PBXSourcesBuildPhase section */

/* Begin PBXVariantGroup section */
		F3B185E822D0812300B01C6C /* LaunchScreen.storyboard */ = {
			isa = PBXVariantGroup;
			children = (
				F3B185E922D0812300B01C6C /* Base */,
			);
			name = LaunchScreen.storyboard;
			sourceTree = "<group>";
		};
/* End PBXVariantGroup section */

/* Begin XCBuildConfiguration section */
		F3B185EC22D0812300B01C6C /* Debug */ = {
			isa = XCBuildConfiguration;
			buildSettings = {
				ALWAYS_SEARCH_USER_PATHS = NO;
				CLANG_ANALYZER_NONNULL = YES;
				CLANG_ANALYZER_NUMBER_OBJECT_CONVERSION = YES_AGGRESSIVE;
				CLANG_CXX_LANGUAGE_STANDARD = "gnu++14";
				CLANG_CXX_LIBRARY = "libc++";
				CLANG_ENABLE_MODULES = YES;
				CLANG_ENABLE_OBJC_ARC = YES;
				CLANG_ENABLE_OBJC_WEAK = YES;
				CLANG_WARN_BLOCK_CAPTURE_AUTORELEASING = YES;
				CLANG_WARN_BOOL_CONVERSION = YES;
				CLANG_WARN_COMMA = YES;
				CLANG_WARN_CONSTANT_CONVERSION = YES;
				CLANG_WARN_DEPRECATED_OBJC_IMPLEMENTATIONS = YES;
				CLANG_WARN_DIRECT_OBJC_ISA_USAGE = YES_ERROR;
				CLANG_WARN_DOCUMENTATION_COMMENTS = YES;
				CLANG_WARN_EMPTY_BODY = YES;
				CLANG_WARN_ENUM_CONVERSION = YES;
				CLANG_WARN_INFINITE_RECURSION = YES;
				CLANG_WARN_INT_CONVERSION = YES;
				CLANG_WARN_NON_LITERAL_NULL_CONVERSION = YES;
				CLANG_WARN_OBJC_IMPLICIT_RETAIN_SELF = YES;
				CLANG_WARN_OBJC_LITERAL_CONVERSION = YES;
				CLANG_WARN_OBJC_ROOT_CLASS = YES_ERROR;
				CLANG_WARN_RANGE_LOOP_ANALYSIS = YES;
				CLANG_WARN_STRICT_PROTOTYPES = YES;
				CLANG_WARN_SUSPICIOUS_MOVE = YES;
				CLANG_WARN_UNGUARDED_AVAILABILITY = YES_AGGRESSIVE;
				CLANG_WARN_UNREACHABLE_CODE = YES;
				CLANG_WARN__DUPLICATE_METHOD_MATCH = YES;
				CODE_SIGN_IDENTITY = "iPhone Developer";
				COPY_PHASE_STRIP = NO;
				DEBUG_INFORMATION_FORMAT = dwarf;
				ENABLE_STRICT_OBJC_MSGSEND = YES;
				ENABLE_TESTABILITY = YES;
				GCC_C_LANGUAGE_STANDARD = gnu11;
				GCC_DYNAMIC_NO_PIC = NO;
				GCC_NO_COMMON_BLOCKS = YES;
				GCC_OPTIMIZATION_LEVEL = 0;
				GCC_PREPROCESSOR_DEFINITIONS = (
					"DEBUG=1",
					"$(inherited)",
				);
				GCC_WARN_64_TO_32_BIT_CONVERSION = YES;
				GCC_WARN_ABOUT_RETURN_TYPE = YES_ERROR;
				GCC_WARN_UNDECLARED_SELECTOR = YES;
				GCC_WARN_UNINITIALIZED_AUTOS = YES_AGGRESSIVE;
				GCC_WARN_UNUSED_FUNCTION = YES;
				GCC_WARN_UNUSED_VARIABLE = YES;
				IPHONEOS_DEPLOYMENT_TARGET = 12.2;
				MTL_ENABLE_DEBUG_INFO = INCLUDE_SOURCE;
				MTL_FAST_MATH = YES;
				ONLY_ACTIVE_ARCH = YES;
				SDKROOT = iphoneos;
				SWIFT_ACTIVE_COMPILATION_CONDITIONS = DEBUG;
				SWIFT_OPTIMIZATION_LEVEL = "-Onone";
			};
			name = Debug;
		};
		F3B185ED22D0812300B01C6C /* Release */ = {
			isa = XCBuildConfiguration;
			buildSettings = {
				ALWAYS_SEARCH_USER_PATHS = NO;
				CLANG_ANALYZER_NONNULL = YES;
				CLANG_ANALYZER_NUMBER_OBJECT_CONVERSION = YES_AGGRESSIVE;
				CLANG_CXX_LANGUAGE_STANDARD = "gnu++14";
				CLANG_CXX_LIBRARY = "libc++";
				CLANG_ENABLE_MODULES = YES;
				CLANG_ENABLE_OBJC_ARC = YES;
				CLANG_ENABLE_OBJC_WEAK = YES;
				CLANG_WARN_BLOCK_CAPTURE_AUTORELEASING = YES;
				CLANG_WARN_BOOL_CONVERSION = YES;
				CLANG_WARN_COMMA = YES;
				CLANG_WARN_CONSTANT_CONVERSION = YES;
				CLANG_WARN_DEPRECATED_OBJC_IMPLEMENTATIONS = YES;
				CLANG_WARN_DIRECT_OBJC_ISA_USAGE = YES_ERROR;
				CLANG_WARN_DOCUMENTATION_COMMENTS = YES;
				CLANG_WARN_EMPTY_BODY = YES;
				CLANG_WARN_ENUM_CONVERSION = YES;
				CLANG_WARN_INFINITE_RECURSION = YES;
				CLANG_WARN_INT_CONVERSION = YES;
				CLANG_WARN_NON_LITERAL_NULL_CONVERSION = YES;
				CLANG_WARN_OBJC_IMPLICIT_RETAIN_SELF = YES;
				CLANG_WARN_OBJC_LITERAL_CONVERSION = YES;
				CLANG_WARN_OBJC_ROOT_CLASS = YES_ERROR;
				CLANG_WARN_RANGE_LOOP_ANALYSIS = YES;
				CLANG_WARN_STRICT_PROTOTYPES = YES;
				CLANG_WARN_SUSPICIOUS_MOVE = YES;
				CLANG_WARN_UNGUARDED_AVAILABILITY = YES_AGGRESSIVE;
				CLANG_WARN_UNREACHABLE_CODE = YES;
				CLANG_WARN__DUPLICATE_METHOD_MATCH = YES;
				CODE_SIGN_IDENTITY = "iPhone Developer";
				COPY_PHASE_STRIP = NO;
				DEBUG_INFORMATION_FORMAT = "dwarf-with-dsym";
				ENABLE_NS_ASSERTIONS = NO;
				ENABLE_STRICT_OBJC_MSGSEND = YES;
				GCC_C_LANGUAGE_STANDARD = gnu11;
				GCC_NO_COMMON_BLOCKS = YES;
				GCC_WARN_64_TO_32_BIT_CONVERSION = YES;
				GCC_WARN_ABOUT_RETURN_TYPE = YES_ERROR;
				GCC_WARN_UNDECLARED_SELECTOR = YES;
				GCC_WARN_UNINITIALIZED_AUTOS = YES_AGGRESSIVE;
				GCC_WARN_UNUSED_FUNCTION = YES;
				GCC_WARN_UNUSED_VARIABLE = YES;
				IPHONEOS_DEPLOYMENT_TARGET = 12.2;
				MTL_ENABLE_DEBUG_INFO = NO;
				MTL_FAST_MATH = YES;
				SDKROOT = iphoneos;
				SWIFT_COMPILATION_MODE = wholemodule;
				SWIFT_OPTIMIZATION_LEVEL = "-O";
				VALIDATE_PRODUCT = YES;
			};
			name = Release;
		};
		F3B185EF22D0812300B01C6C /* Debug */ = {
			isa = XCBuildConfiguration;
			baseConfigurationReference = 9FB5687E926CE1C03A35C8D8 /* Pods-Yanolja.debug.xcconfig */;
			buildSettings = {
				ASSETCATALOG_COMPILER_APPICON_NAME = AppIcon;
				CODE_SIGN_STYLE = Automatic;
				DEVELOPMENT_TEAM = G4MM77V7NH;
				INFOPLIST_FILE = Yanolja/Info.plist;
				LD_RUNPATH_SEARCH_PATHS = (
					"$(inherited)",
					"@executable_path/Frameworks",
				);
				PRODUCT_BUNDLE_IDENTIFIER = kr.chunsukim.MyApp.Yanolja;
				PRODUCT_NAME = "$(TARGET_NAME)";
				SWIFT_OBJC_BRIDGING_HEADER = "./Yanolja/FSCalendar/Objc-Bridge-Header.h";
				SWIFT_VERSION = 5.0;
				TARGETED_DEVICE_FAMILY = "1,2";
			};
			name = Debug;
		};
		F3B185F022D0812300B01C6C /* Release */ = {
			isa = XCBuildConfiguration;
			baseConfigurationReference = C6825F77A4995BC74A42701C /* Pods-Yanolja.release.xcconfig */;
			buildSettings = {
				ASSETCATALOG_COMPILER_APPICON_NAME = AppIcon;
				CODE_SIGN_STYLE = Automatic;
				DEVELOPMENT_TEAM = G4MM77V7NH;
				INFOPLIST_FILE = Yanolja/Info.plist;
				LD_RUNPATH_SEARCH_PATHS = (
					"$(inherited)",
					"@executable_path/Frameworks",
				);
				PRODUCT_BUNDLE_IDENTIFIER = kr.chunsukim.MyApp.Yanolja;
				PRODUCT_NAME = "$(TARGET_NAME)";
				SWIFT_OBJC_BRIDGING_HEADER = "./Yanolja/FSCalendar/Objc-Bridge-Header.h";
				SWIFT_VERSION = 5.0;
				TARGETED_DEVICE_FAMILY = "1,2";
			};
			name = Release;
		};
/* End XCBuildConfiguration section */

/* Begin XCConfigurationList section */
		F3B185D422D0812200B01C6C /* Build configuration list for PBXProject "Yanolja" */ = {
			isa = XCConfigurationList;
			buildConfigurations = (
				F3B185EC22D0812300B01C6C /* Debug */,
				F3B185ED22D0812300B01C6C /* Release */,
			);
			defaultConfigurationIsVisible = 0;
			defaultConfigurationName = Release;
		};
		F3B185EE22D0812300B01C6C /* Build configuration list for PBXNativeTarget "Yanolja" */ = {
			isa = XCConfigurationList;
			buildConfigurations = (
				F3B185EF22D0812300B01C6C /* Debug */,
				F3B185F022D0812300B01C6C /* Release */,
			);
			defaultConfigurationIsVisible = 0;
			defaultConfigurationName = Release;
		};
/* End XCConfigurationList section */

/* Begin XCVersionGroup section */
		F3B185E322D0812200B01C6C /* Yanolja.xcdatamodeld */ = {
			isa = XCVersionGroup;
			children = (
				F3B185E422D0812200B01C6C /* Yanolja.xcdatamodel */,
			);
			currentVersion = F3B185E422D0812200B01C6C /* Yanolja.xcdatamodel */;
			path = Yanolja.xcdatamodeld;
			sourceTree = "<group>";
			versionGroupType = wrapper.xcdatamodel;
		};
/* End XCVersionGroup section */
	};
	rootObject = F3B185D122D0812200B01C6C /* Project object */;
}
